
Microsoft Visual Studio Solution File, Format Version 12.00
Project("{2150E333-8FDC-42A3-9474-1A3956D46DE8}") = "src", "src", "{A1B2C3D4-E5F6-7890-ABCD-EF1234567890}"
EndProject
Project("{2150E333-8FDC-42A3-9474-1A3956D46DE8}") = "common", "common", "{D12CC161-970E-46FB-8C3E-DE2A78304283}"
	ProjectSection(SolutionItems) = preProject
		Directory.Build.props = Directory.Build.props
		Directory.Packages.props = Directory.Packages.props
	EndProjectSection
EndProject
Project("{FAE04EC0-301F-11D3-BF4B-00C04F79EFBC}") = "Elib2EbookWeb", "src\Elib2EbookWeb\Elib2EbookWeb.csproj", "{C3CCD71A-37D0-4665-A628-AC6185313A4C}"
EndProject
Project("{FAE04EC0-301F-11D3-BF4B-00C04F79EFBC}") = "Elib2EbookCli", "src\Elib2EbookCli\Elib2EbookCli.csproj", "{04A5E9A6-9EA9-4771-9766-1241F8341A9B}"
EndProject
Project("{2150E333-8FDC-42A3-9474-1A3956D46DE8}") = "tests", "tests", "{0C88DD14-F956-CE84-757C-A364CCF449FC}"
EndProject
Project("{FAE04EC0-301F-11D3-BF4B-00C04F79EFBC}") = "Elib2Ebook.DomainServices.Tests", "tests\Elib2Ebook.DomainServices.Tests\Elib2Ebook.DomainServices.Tests.csproj", "{97B6CA29-9704-4A44-8879-E7015403E743}"
EndProject
Project("{2150E333-8FDC-42A3-9474-1A3956D46DE8}") = "ExternalServices", "ExternalServices", "{EC9257F5-F59F-4F7C-B316-A153DCB9501C}"
EndProject
Project("{FAE04EC0-301F-11D3-BF4B-00C04F79EFBC}") = "Elib2Ebook.ExternalServices.Acomics", "src\ExternalServices\Elib2Ebook.ExternalServices.Acomics\Elib2Ebook.ExternalServices.Acomics.csproj", "{4FBF6A86-DE1B-45E3-A1CE-B1271E927DF8}"
EndProject
Project("{FAE04EC0-301F-11D3-BF4B-00C04F79EFBC}") = "Elib2Ebook.ExternalServices.AuthorToday", "src\ExternalServices\Elib2Ebook.ExternalServices.AuthorToday\Elib2Ebook.ExternalServices.AuthorToday.csproj", "{898F86C5-1886-41BE-97DD-46A182261678}"
EndProject
Project("{FAE04EC0-301F-11D3-BF4B-00C04F79EFBC}") = "Elib2Ebook.ExternalServices.BookInBook", "src\ExternalServices\Elib2Ebook.ExternalServices.BookInBook\Elib2Ebook.ExternalServices.BookInBook.csproj", "{88836B48-12C3-4CC7-A73E-0245970589CB}"
EndProject
Project("{FAE04EC0-301F-11D3-BF4B-00C04F79EFBC}") = "Elib2Ebook.ExternalServices.BookRiver", "src\ExternalServices\Elib2Ebook.ExternalServices.BookRiver\Elib2Ebook.ExternalServices.BookRiver.csproj", "{297D901A-F3D0-4653-B4EB-CBD3D4402612}"
EndProject
Project("{FAE04EC0-301F-11D3-BF4B-00C04F79EFBC}") = "Elib2Ebook.ExternalServices.Bookinist", "src\ExternalServices\Elib2Ebook.ExternalServices.Bookinist\Elib2Ebook.ExternalServices.Bookinist.csproj", "{82456D25-7753-4D1C-9ADC-450948B7FAC0}"
EndProject
Project("{FAE04EC0-301F-11D3-BF4B-00C04F79EFBC}") = "Elib2Ebook.ExternalServices.BooksYandex", "src\ExternalServices\Elib2Ebook.ExternalServices.BooksYandex\Elib2Ebook.ExternalServices.BooksYandex.csproj", "{E5408C31-60C9-4A60-89D9-840C8C9E5E2F}"
EndProject
Project("{FAE04EC0-301F-11D3-BF4B-00C04F79EFBC}") = "Elib2Ebook.ExternalServices.Bookstab", "src\ExternalServices\Elib2Ebook.ExternalServices.Bookstab\Elib2Ebook.ExternalServices.Bookstab.csproj", "{79094B35-C3C6-4332-8A79-6E3D32582059}"
EndProject
Project("{FAE04EC0-301F-11D3-BF4B-00C04F79EFBC}") = "Elib2Ebook.ExternalServices.Bookstime", "src\ExternalServices\Elib2Ebook.ExternalServices.Bookstime\Elib2Ebook.ExternalServices.Bookstime.csproj", "{7311835B-6CE8-470E-AFB4-B76424A86096}"
EndProject
Project("{FAE04EC0-301F-11D3-BF4B-00C04F79EFBC}") = "Elib2Ebook.ExternalServices.Bookuruk", "src\ExternalServices\Elib2Ebook.ExternalServices.Bookuruk\Elib2Ebook.ExternalServices.Bookuruk.csproj", "{04F673E8-6A3D-4A60-A829-1B851FDB5A4C}"
EndProject
Project("{FAE04EC0-301F-11D3-BF4B-00C04F79EFBC}") = "Elib2Ebook.ExternalServices.Boosty", "src\ExternalServices\Elib2Ebook.ExternalServices.Boosty\Elib2Ebook.ExternalServices.Boosty.csproj", "{1826ECD1-D177-4AEF-B821-8B65535CAA46}"
EndProject
Project("{FAE04EC0-301F-11D3-BF4B-00C04F79EFBC}") = "Elib2Ebook.ExternalServices.Boovel", "src\ExternalServices\Elib2Ebook.ExternalServices.Boovel\Elib2Ebook.ExternalServices.Boovel.csproj", "{C6D9607E-AB00-4E29-A8A9-8F378B2D755B}"
EndProject
Project("{FAE04EC0-301F-11D3-BF4B-00C04F79EFBC}") = "Elib2Ebook.ExternalServices.DarkNovels", "src\ExternalServices\Elib2Ebook.ExternalServices.DarkNovels\Elib2Ebook.ExternalServices.DarkNovels.csproj", "{19462AF9-35D7-43C8-AFA1-39E2FD1C7EBD}"
EndProject
Project("{FAE04EC0-301F-11D3-BF4B-00C04F79EFBC}") = "Elib2Ebook.ExternalServices.Desu", "src\ExternalServices\Elib2Ebook.ExternalServices.Desu\Elib2Ebook.ExternalServices.Desu.csproj", "{745684DE-BABB-4BAA-BC36-DA3029E8C99F}"
EndProject
Project("{FAE04EC0-301F-11D3-BF4B-00C04F79EFBC}") = "Elib2Ebook.ExternalServices.Dreame", "src\ExternalServices\Elib2Ebook.ExternalServices.Dreame\Elib2Ebook.ExternalServices.Dreame.csproj", "{F58C0BE6-D91A-42F7-A221-4A882911E61C}"
EndProject
Project("{FAE04EC0-301F-11D3-BF4B-00C04F79EFBC}") = "Elib2Ebook.ExternalServices.FanFicus", "src\ExternalServices\Elib2Ebook.ExternalServices.FanFicus\Elib2Ebook.ExternalServices.FanFicus.csproj", "{5F1D96A7-8252-4D60-AE6E-A66C045A8A92}"
EndProject
Project("{FAE04EC0-301F-11D3-BF4B-00C04F79EFBC}") = "Elib2Ebook.ExternalServices.Fb2Top", "src\ExternalServices\Elib2Ebook.ExternalServices.Fb2Top\Elib2Ebook.ExternalServices.Fb2Top.csproj", "{AEDD4AE8-A831-46EE-AF49-EAC3183D5971}"
EndProject
Project("{FAE04EC0-301F-11D3-BF4B-00C04F79EFBC}") = "Elib2Ebook.ExternalServices.Ficbook", "src\ExternalServices\Elib2Ebook.ExternalServices.Ficbook\Elib2Ebook.ExternalServices.Ficbook.csproj", "{F2387E3F-8B78-4FAC-BDAA-A3E2EBC4D889}"
EndProject
Project("{FAE04EC0-301F-11D3-BF4B-00C04F79EFBC}") = "Elib2Ebook.ExternalServices.FictionBook", "src\ExternalServices\Elib2Ebook.ExternalServices.FictionBook\Elib2Ebook.ExternalServices.FictionBook.csproj", "{D509243A-E5AA-430D-B47E-8ADC5DA31125}"
EndProject
Project("{FAE04EC0-301F-11D3-BF4B-00C04F79EFBC}") = "Elib2Ebook.ExternalServices.Freedlit", "src\ExternalServices\Elib2Ebook.ExternalServices.Freedlit\Elib2Ebook.ExternalServices.Freedlit.csproj", "{7C8AA7A4-E72E-4A21-BC13-D7BA5A2219DC}"
EndProject
Project("{FAE04EC0-301F-11D3-BF4B-00C04F79EFBC}") = "Elib2Ebook.ExternalServices.Freedom", "src\ExternalServices\Elib2Ebook.ExternalServices.Freedom\Elib2Ebook.ExternalServices.Freedom.csproj", "{443B5C89-0904-4AE8-B48F-1E92709FBEF3}"
EndProject
Project("{FAE04EC0-301F-11D3-BF4B-00C04F79EFBC}") = "Elib2Ebook.ExternalServices.HogwartsNet", "src\ExternalServices\Elib2Ebook.ExternalServices.HogwartsNet\Elib2Ebook.ExternalServices.HogwartsNet.csproj", "{48EA13C9-7FBC-4DCA-85CF-CCB1493A73C8}"
EndProject
Project("{FAE04EC0-301F-11D3-BF4B-00C04F79EFBC}") = "Elib2Ebook.ExternalServices.HotNovelPub", "src\ExternalServices\Elib2Ebook.ExternalServices.HotNovelPub\Elib2Ebook.ExternalServices.HotNovelPub.csproj", "{EF1817C6-1FEB-4185-94F3-6BDB9ED1660A}"
EndProject
Project("{FAE04EC0-301F-11D3-BF4B-00C04F79EFBC}") = "Elib2Ebook.ExternalServices.HubBook", "src\ExternalServices\Elib2Ebook.ExternalServices.HubBook\Elib2Ebook.ExternalServices.HubBook.csproj", "{1EF56286-3151-4D13-B662-C23CBE7148FE}"
EndProject
Project("{FAE04EC0-301F-11D3-BF4B-00C04F79EFBC}") = "Elib2Ebook.ExternalServices.IGram", "src\ExternalServices\Elib2Ebook.ExternalServices.IGram\Elib2Ebook.ExternalServices.IGram.csproj", "{5FF3DBB0-B465-46C5-ADB7-CE8998A6E7BA}"
EndProject
Project("{FAE04EC0-301F-11D3-BF4B-00C04F79EFBC}") = "Elib2Ebook.ExternalServices.Jaomix", "src\ExternalServices\Elib2Ebook.ExternalServices.Jaomix\Elib2Ebook.ExternalServices.Jaomix.csproj", "{F743054C-0D7F-4352-9DBD-365C4CFA19C6}"
EndProject
Project("{FAE04EC0-301F-11D3-BF4B-00C04F79EFBC}") = "Elib2Ebook.ExternalServices.LibSocial", "src\ExternalServices\Elib2Ebook.ExternalServices.LibSocial\Elib2Ebook.ExternalServices.LibSocial.csproj", "{509EA8AB-5717-4953-87FC-F3EDD041F200}"
EndProject
Project("{FAE04EC0-301F-11D3-BF4B-00C04F79EFBC}") = "Elib2Ebook.ExternalServices.Libbox", "src\ExternalServices\Elib2Ebook.ExternalServices.Libbox\Elib2Ebook.ExternalServices.Libbox.csproj", "{A9677606-014A-43A4-83D1-7871D1547862}"
EndProject
Project("{FAE04EC0-301F-11D3-BF4B-00C04F79EFBC}") = "Elib2Ebook.ExternalServices.Libking", "src\ExternalServices\Elib2Ebook.ExternalServices.Libking\Elib2Ebook.ExternalServices.Libking.csproj", "{42B441C3-43AD-4D8F-96E0-547D7257FB04}"
EndProject
Project("{FAE04EC0-301F-11D3-BF4B-00C04F79EFBC}") = "Elib2Ebook.ExternalServices.Librebook", "src\ExternalServices\Elib2Ebook.ExternalServices.Librebook\Elib2Ebook.ExternalServices.Librebook.csproj", "{DD4CFE16-3F58-4AA0-A995-312AFC55F0B3}"
EndProject
Project("{FAE04EC0-301F-11D3-BF4B-00C04F79EFBC}") = "Elib2Ebook.ExternalServices.Libst", "src\ExternalServices\Elib2Ebook.ExternalServices.Libst\Elib2Ebook.ExternalServices.Libst.csproj", "{CC31B699-7B15-4685-8E00-01E2DE6CA88B}"
EndProject
Project("{FAE04EC0-301F-11D3-BF4B-00C04F79EFBC}") = "Elib2Ebook.ExternalServices.LitLife", "src\ExternalServices\Elib2Ebook.ExternalServices.LitLife\Elib2Ebook.ExternalServices.LitLife.csproj", "{ED59B9E2-82EC-4984-9A27-E9DFF3B13B60}"
EndProject
Project("{FAE04EC0-301F-11D3-BF4B-00C04F79EFBC}") = "Elib2Ebook.ExternalServices.Litgorod", "src\ExternalServices\Elib2Ebook.ExternalServices.Litgorod\Elib2Ebook.ExternalServices.Litgorod.csproj", "{6FC8F397-8F3D-4300-A8B3-6F76B68C959B}"
EndProject
Project("{FAE04EC0-301F-11D3-BF4B-00C04F79EFBC}") = "Elib2Ebook.ExternalServices.Litmarket", "src\ExternalServices\Elib2Ebook.ExternalServices.Litmarket\Elib2Ebook.ExternalServices.Litmarket.csproj", "{7B9E64D1-70C9-4462-BE0B-A965A2825919}"
EndProject
Project("{FAE04EC0-301F-11D3-BF4B-00C04F79EFBC}") = "Elib2Ebook.ExternalServices.Litmir", "src\ExternalServices\Elib2Ebook.ExternalServices.Litmir\Elib2Ebook.ExternalServices.Litmir.csproj", "{82D6EBAF-B0B6-4744-A556-E5667DF823B7}"
EndProject
Project("{FAE04EC0-301F-11D3-BF4B-00C04F79EFBC}") = "Elib2Ebook.ExternalServices.Litnet", "src\ExternalServices\Elib2Ebook.ExternalServices.Litnet\Elib2Ebook.ExternalServices.Litnet.csproj", "{410366DF-4121-44DE-923D-218ACBA2F8CC}"
EndProject
Project("{FAE04EC0-301F-11D3-BF4B-00C04F79EFBC}") = "Elib2Ebook.ExternalServices.Litres", "src\ExternalServices\Elib2Ebook.ExternalServices.Litres\Elib2Ebook.ExternalServices.Litres.csproj", "{A8E066A4-00E7-4209-BB1E-0BD9A2FBAC8E}"
EndProject
Project("{FAE04EC0-301F-11D3-BF4B-00C04F79EFBC}") = "Elib2Ebook.ExternalServices.Litsovet", "src\ExternalServices\Elib2Ebook.ExternalServices.Litsovet\Elib2Ebook.ExternalServices.Litsovet.csproj", "{656422FD-47DA-4F06-AB76-57FF1F77B040}"
EndProject
Project("{FAE04EC0-301F-11D3-BF4B-00C04F79EFBC}") = "Elib2Ebook.ExternalServices.MangaMammy", "src\ExternalServices\Elib2Ebook.ExternalServices.MangaMammy\Elib2Ebook.ExternalServices.MangaMammy.csproj", "{502B8111-F428-4584-AE44-D1AD3B4F16B5}"
EndProject
Project("{FAE04EC0-301F-11D3-BF4B-00C04F79EFBC}") = "Elib2Ebook.ExternalServices.MirKnig", "src\ExternalServices\Elib2Ebook.ExternalServices.MirKnig\Elib2Ebook.ExternalServices.MirKnig.csproj", "{174CF08D-E13D-4904-90C0-CC740C9DE086}"
EndProject
Project("{FAE04EC0-301F-11D3-BF4B-00C04F79EFBC}") = "Elib2Ebook.ExternalServices.MyBook", "src\ExternalServices\Elib2Ebook.ExternalServices.MyBook\Elib2Ebook.ExternalServices.MyBook.csproj", "{853E3B54-DB8A-4A82-8565-E6103130DA3C}"
EndProject
Project("{FAE04EC0-301F-11D3-BF4B-00C04F79EFBC}") = "Elib2Ebook.ExternalServices.Neobook", "src\ExternalServices\Elib2Ebook.ExternalServices.Neobook\Elib2Ebook.ExternalServices.Neobook.csproj", "{B8DC7FD1-782F-4246-B096-836D82B29A03}"
EndProject
Project("{FAE04EC0-301F-11D3-BF4B-00C04F79EFBC}") = "Elib2Ebook.ExternalServices.NovelTranslate", "src\ExternalServices\Elib2Ebook.ExternalServices.NovelTranslate\Elib2Ebook.ExternalServices.NovelTranslate.csproj", "{8AE239F7-A0B1-459A-AF6F-FB1501544C2B}"
EndProject
Project("{FAE04EC0-301F-11D3-BF4B-00C04F79EFBC}") = "Elib2Ebook.ExternalServices.Novelhall", "src\ExternalServices\Elib2Ebook.ExternalServices.Novelhall\Elib2Ebook.ExternalServices.Novelhall.csproj", "{FB7DB850-11DB-4F7B-9003-13C145442C73}"
EndProject
Project("{FAE04EC0-301F-11D3-BF4B-00C04F79EFBC}") = "Elib2Ebook.ExternalServices.Novelxo", "src\ExternalServices\Elib2Ebook.ExternalServices.Novelxo\Elib2Ebook.ExternalServices.Novelxo.csproj", "{23BEB12C-DE15-4B88-96F6-5DBDE2E9BA62}"
EndProject
Project("{FAE04EC0-301F-11D3-BF4B-00C04F79EFBC}") = "Elib2Ebook.ExternalServices.OnlineKnigi", "src\ExternalServices\Elib2Ebook.ExternalServices.OnlineKnigi\Elib2Ebook.ExternalServices.OnlineKnigi.csproj", "{DF2456D1-0CFF-4213-9E8F-D666DAEA2E54}"
EndProject
Project("{FAE04EC0-301F-11D3-BF4B-00C04F79EFBC}") = "Elib2Ebook.ExternalServices.Prodaman", "src\ExternalServices\Elib2Ebook.ExternalServices.Prodaman\Elib2Ebook.ExternalServices.Prodaman.csproj", "{1980F468-08B9-4159-B63D-4197EE6FC83B}"
EndProject
Project("{FAE04EC0-301F-11D3-BF4B-00C04F79EFBC}") = "Elib2Ebook.ExternalServices.Ranobe", "src\ExternalServices\Elib2Ebook.ExternalServices.Ranobe\Elib2Ebook.ExternalServices.Ranobe.csproj", "{957FCED2-6B1E-490E-97B4-2B123E565785}"
EndProject
Project("{FAE04EC0-301F-11D3-BF4B-00C04F79EFBC}") = "Elib2Ebook.ExternalServices.RanobeHub", "src\ExternalServices\Elib2Ebook.ExternalServices.RanobeHub\Elib2Ebook.ExternalServices.RanobeHub.csproj", "{C67F2919-4530-4EAF-B1A1-CCED621BCCFE}"
EndProject
Project("{FAE04EC0-301F-11D3-BF4B-00C04F79EFBC}") = "Elib2Ebook.ExternalServices.RanobeOvh", "src\ExternalServices\Elib2Ebook.ExternalServices.RanobeOvh\Elib2Ebook.ExternalServices.RanobeOvh.csproj", "{8CE6E5B6-9BE6-4E8E-B17A-A9CA0148842E}"
EndProject
Project("{FAE04EC0-301F-11D3-BF4B-00C04F79EFBC}") = "Elib2Ebook.ExternalServices.RanobesCom", "src\ExternalServices\Elib2Ebook.ExternalServices.RanobesCom\Elib2Ebook.ExternalServices.RanobesCom.csproj", "{035C2D5E-18DD-4CFC-98E2-0A8BF69A1511}"
EndProject
Project("{FAE04EC0-301F-11D3-BF4B-00C04F79EFBC}") = "Elib2Ebook.ExternalServices.ReadManga", "src\ExternalServices\Elib2Ebook.ExternalServices.ReadManga\Elib2Ebook.ExternalServices.ReadManga.csproj", "{2FAEDBBC-6F75-46AC-A281-F507412EDF6A}"
EndProject
Project("{FAE04EC0-301F-11D3-BF4B-00C04F79EFBC}") = "Elib2Ebook.ExternalServices.Readli", "src\ExternalServices\Elib2Ebook.ExternalServices.Readli\Elib2Ebook.ExternalServices.Readli.csproj", "{F00538BE-2AF8-4388-BF7C-59934838B7BD}"
EndProject
Project("{FAE04EC0-301F-11D3-BF4B-00C04F79EFBC}") = "Elib2Ebook.ExternalServices.Renovels", "src\ExternalServices\Elib2Ebook.ExternalServices.Renovels\Elib2Ebook.ExternalServices.Renovels.csproj", "{06A50D0C-EAF4-4599-83A9-B23C0756ADF5}"
EndProject
Project("{FAE04EC0-301F-11D3-BF4B-00C04F79EFBC}") = "Elib2Ebook.ExternalServices.Romfant", "src\ExternalServices\Elib2Ebook.ExternalServices.Romfant\Elib2Ebook.ExternalServices.Romfant.csproj", "{86DEDD76-E85D-44C9-BDF6-7D3299F0AED7}"
EndProject
Project("{FAE04EC0-301F-11D3-BF4B-00C04F79EFBC}") = "Elib2Ebook.ExternalServices.RoyalRoad", "src\ExternalServices\Elib2Ebook.ExternalServices.RoyalRoad\Elib2Ebook.ExternalServices.RoyalRoad.csproj", "{994DA72D-7712-4AF4-A1FC-6E53CFD9ACD9}"
EndProject
Project("{FAE04EC0-301F-11D3-BF4B-00C04F79EFBC}") = "Elib2Ebook.ExternalServices.Rulate", "src\ExternalServices\Elib2Ebook.ExternalServices.Rulate\Elib2Ebook.ExternalServices.Rulate.csproj", "{8F625A63-FFCD-4F8F-8C5C-97252728AA8B}"
EndProject
Project("{FAE04EC0-301F-11D3-BF4B-00C04F79EFBC}") = "Elib2Ebook.ExternalServices.Samlib", "src\ExternalServices\Elib2Ebook.ExternalServices.Samlib\Elib2Ebook.ExternalServices.Samlib.csproj", "{BC735304-7981-4854-A9EE-00FD55943BF4}"
EndProject
Project("{FAE04EC0-301F-11D3-BF4B-00C04F79EFBC}") = "Elib2Ebook.ExternalServices.StrokiMts", "src\ExternalServices\Elib2Ebook.ExternalServices.StrokiMts\Elib2Ebook.ExternalServices.StrokiMts.csproj", "{EF4C2EAF-8CF8-4E43-BBAA-9A2017C43B80}"
EndProject
Project("{FAE04EC0-301F-11D3-BF4B-00C04F79EFBC}") = "Elib2Ebook.ExternalServices.TopLiba", "src\ExternalServices\Elib2Ebook.ExternalServices.TopLiba\Elib2Ebook.ExternalServices.TopLiba.csproj", "{E6717F55-79BC-494A-84B1-215491824F20}"
EndProject
Project("{FAE04EC0-301F-11D3-BF4B-00C04F79EFBC}") = "Elib2Ebook.ExternalServices.TwilightRussia", "src\ExternalServices\Elib2Ebook.ExternalServices.TwilightRussia\Elib2Ebook.ExternalServices.TwilightRussia.csproj", "{7CA07B2A-F612-47F0-8F4F-E7771BF9DED1}"
EndProject
Project("{FAE04EC0-301F-11D3-BF4B-00C04F79EFBC}") = "Elib2Ebook.ExternalServices.Wattpad", "src\ExternalServices\Elib2Ebook.ExternalServices.Wattpad\Elib2Ebook.ExternalServices.Wattpad.csproj", "{FA121F56-04BB-46A1-B8C1-0C282295584B}"
EndProject
Project("{FAE04EC0-301F-11D3-BF4B-00C04F79EFBC}") = "Elib2Ebook.ExternalServices.WuxiaWorld", "src\ExternalServices\Elib2Ebook.ExternalServices.WuxiaWorld\Elib2Ebook.ExternalServices.WuxiaWorld.csproj", "{3C0A98D5-DAFF-4FF1-9A59-F7409CB66754}"
EndProject
Project("{FAE04EC0-301F-11D3-BF4B-00C04F79EFBC}") = "Elib2Ebook.ExternalServices.Younettranslate", "src\ExternalServices\Elib2Ebook.ExternalServices.Younettranslate\Elib2Ebook.ExternalServices.Younettranslate.csproj", "{46B6E125-FF47-4453-9172-5DF695687FDF}"
EndProject
Project("{FAE04EC0-301F-11D3-BF4B-00C04F79EFBC}") = "Elib2Ebook.Domain", "src\Elib2Ebook.Domain\Elib2Ebook.Domain.csproj", "{07A39741-8656-488A-964C-D8387A1925DF}"
EndProject
Project("{FAE04EC0-301F-11D3-BF4B-00C04F79EFBC}") = "Elib2Ebook.DomainServices", "src\Elib2Ebook.DomainServices\Elib2Ebook.DomainServices.csproj", "{76924193-4339-4BC8-8C0B-CA5F0A5047FB}"
EndProject
Global
	GlobalSection(SolutionConfigurationPlatforms) = preSolution
		Debug|Any CPU = Debug|Any CPU
		Debug|x64 = Debug|x64
		Debug|x86 = Debug|x86
		Release|Any CPU = Release|Any CPU
		Release|x64 = Release|x64
		Release|x86 = Release|x86
	EndGlobalSection
	GlobalSection(ProjectConfigurationPlatforms) = postSolution
		{C3CCD71A-37D0-4665-A628-AC6185313A4C}.Debug|Any CPU.ActiveCfg = Debug|Any CPU
		{C3CCD71A-37D0-4665-A628-AC6185313A4C}.Debug|Any CPU.Build.0 = Debug|Any CPU
		{C3CCD71A-37D0-4665-A628-AC6185313A4C}.Debug|x64.ActiveCfg = Debug|Any CPU
		{C3CCD71A-37D0-4665-A628-AC6185313A4C}.Debug|x64.Build.0 = Debug|Any CPU
		{C3CCD71A-37D0-4665-A628-AC6185313A4C}.Debug|x86.ActiveCfg = Debug|Any CPU
		{C3CCD71A-37D0-4665-A628-AC6185313A4C}.Debug|x86.Build.0 = Debug|Any CPU
		{C3CCD71A-37D0-4665-A628-AC6185313A4C}.Release|Any CPU.ActiveCfg = Release|Any CPU
		{C3CCD71A-37D0-4665-A628-AC6185313A4C}.Release|Any CPU.Build.0 = Release|Any CPU
		{C3CCD71A-37D0-4665-A628-AC6185313A4C}.Release|x64.ActiveCfg = Release|Any CPU
		{C3CCD71A-37D0-4665-A628-AC6185313A4C}.Release|x64.Build.0 = Release|Any CPU
		{C3CCD71A-37D0-4665-A628-AC6185313A4C}.Release|x86.ActiveCfg = Release|Any CPU
		{C3CCD71A-37D0-4665-A628-AC6185313A4C}.Release|x86.Build.0 = Release|Any CPU
		{04A5E9A6-9EA9-4771-9766-1241F8341A9B}.Debug|Any CPU.ActiveCfg = Debug|Any CPU
		{04A5E9A6-9EA9-4771-9766-1241F8341A9B}.Debug|Any CPU.Build.0 = Debug|Any CPU
		{04A5E9A6-9EA9-4771-9766-1241F8341A9B}.Debug|x64.ActiveCfg = Debug|Any CPU
		{04A5E9A6-9EA9-4771-9766-1241F8341A9B}.Debug|x64.Build.0 = Debug|Any CPU
		{04A5E9A6-9EA9-4771-9766-1241F8341A9B}.Debug|x86.ActiveCfg = Debug|Any CPU
		{04A5E9A6-9EA9-4771-9766-1241F8341A9B}.Debug|x86.Build.0 = Debug|Any CPU
		{04A5E9A6-9EA9-4771-9766-1241F8341A9B}.Release|Any CPU.ActiveCfg = Release|Any CPU
		{04A5E9A6-9EA9-4771-9766-1241F8341A9B}.Release|Any CPU.Build.0 = Release|Any CPU
		{04A5E9A6-9EA9-4771-9766-1241F8341A9B}.Release|x64.ActiveCfg = Release|Any CPU
		{04A5E9A6-9EA9-4771-9766-1241F8341A9B}.Release|x64.Build.0 = Release|Any CPU
		{04A5E9A6-9EA9-4771-9766-1241F8341A9B}.Release|x86.ActiveCfg = Release|Any CPU
		{04A5E9A6-9EA9-4771-9766-1241F8341A9B}.Release|x86.Build.0 = Release|Any CPU
		{97B6CA29-9704-4A44-8879-E7015403E743}.Debug|Any CPU.ActiveCfg = Debug|Any CPU
		{97B6CA29-9704-4A44-8879-E7015403E743}.Debug|Any CPU.Build.0 = Debug|Any CPU
		{97B6CA29-9704-4A44-8879-E7015403E743}.Debug|x64.ActiveCfg = Debug|Any CPU
		{97B6CA29-9704-4A44-8879-E7015403E743}.Debug|x64.Build.0 = Debug|Any CPU
		{97B6CA29-9704-4A44-8879-E7015403E743}.Debug|x86.ActiveCfg = Debug|Any CPU
		{97B6CA29-9704-4A44-8879-E7015403E743}.Debug|x86.Build.0 = Debug|Any CPU
		{97B6CA29-9704-4A44-8879-E7015403E743}.Release|Any CPU.ActiveCfg = Release|Any CPU
		{97B6CA29-9704-4A44-8879-E7015403E743}.Release|Any CPU.Build.0 = Release|Any CPU
		{97B6CA29-9704-4A44-8879-E7015403E743}.Release|x64.ActiveCfg = Release|Any CPU
		{97B6CA29-9704-4A44-8879-E7015403E743}.Release|x64.Build.0 = Release|Any CPU
		{97B6CA29-9704-4A44-8879-E7015403E743}.Release|x86.ActiveCfg = Release|Any CPU
		{97B6CA29-9704-4A44-8879-E7015403E743}.Release|x86.Build.0 = Release|Any CPU
		{4FBF6A86-DE1B-45E3-A1CE-B1271E927DF8}.Debug|Any CPU.ActiveCfg = Debug|Any CPU
		{4FBF6A86-DE1B-45E3-A1CE-B1271E927DF8}.Debug|Any CPU.Build.0 = Debug|Any CPU
		{4FBF6A86-DE1B-45E3-A1CE-B1271E927DF8}.Debug|x64.ActiveCfg = Debug|Any CPU
		{4FBF6A86-DE1B-45E3-A1CE-B1271E927DF8}.Debug|x64.Build.0 = Debug|Any CPU
		{4FBF6A86-DE1B-45E3-A1CE-B1271E927DF8}.Debug|x86.ActiveCfg = Debug|Any CPU
		{4FBF6A86-DE1B-45E3-A1CE-B1271E927DF8}.Debug|x86.Build.0 = Debug|Any CPU
		{4FBF6A86-DE1B-45E3-A1CE-B1271E927DF8}.Release|Any CPU.ActiveCfg = Release|Any CPU
		{4FBF6A86-DE1B-45E3-A1CE-B1271E927DF8}.Release|Any CPU.Build.0 = Release|Any CPU
		{4FBF6A86-DE1B-45E3-A1CE-B1271E927DF8}.Release|x64.ActiveCfg = Release|Any CPU
		{4FBF6A86-DE1B-45E3-A1CE-B1271E927DF8}.Release|x64.Build.0 = Release|Any CPU
		{4FBF6A86-DE1B-45E3-A1CE-B1271E927DF8}.Release|x86.ActiveCfg = Release|Any CPU
		{4FBF6A86-DE1B-45E3-A1CE-B1271E927DF8}.Release|x86.Build.0 = Release|Any CPU
		{898F86C5-1886-41BE-97DD-46A182261678}.Debug|Any CPU.ActiveCfg = Debug|Any CPU
		{898F86C5-1886-41BE-97DD-46A182261678}.Debug|Any CPU.Build.0 = Debug|Any CPU
		{898F86C5-1886-41BE-97DD-46A182261678}.Debug|x64.ActiveCfg = Debug|Any CPU
		{898F86C5-1886-41BE-97DD-46A182261678}.Debug|x64.Build.0 = Debug|Any CPU
		{898F86C5-1886-41BE-97DD-46A182261678}.Debug|x86.ActiveCfg = Debug|Any CPU
		{898F86C5-1886-41BE-97DD-46A182261678}.Debug|x86.Build.0 = Debug|Any CPU
		{898F86C5-1886-41BE-97DD-46A182261678}.Release|Any CPU.ActiveCfg = Release|Any CPU
		{898F86C5-1886-41BE-97DD-46A182261678}.Release|Any CPU.Build.0 = Release|Any CPU
		{898F86C5-1886-41BE-97DD-46A182261678}.Release|x64.ActiveCfg = Release|Any CPU
		{898F86C5-1886-41BE-97DD-46A182261678}.Release|x64.Build.0 = Release|Any CPU
		{898F86C5-1886-41BE-97DD-46A182261678}.Release|x86.ActiveCfg = Release|Any CPU
		{898F86C5-1886-41BE-97DD-46A182261678}.Release|x86.Build.0 = Release|Any CPU
		{88836B48-12C3-4CC7-A73E-0245970589CB}.Debug|Any CPU.ActiveCfg = Debug|Any CPU
		{88836B48-12C3-4CC7-A73E-0245970589CB}.Debug|Any CPU.Build.0 = Debug|Any CPU
		{88836B48-12C3-4CC7-A73E-0245970589CB}.Debug|x64.ActiveCfg = Debug|Any CPU
		{88836B48-12C3-4CC7-A73E-0245970589CB}.Debug|x64.Build.0 = Debug|Any CPU
		{88836B48-12C3-4CC7-A73E-0245970589CB}.Debug|x86.ActiveCfg = Debug|Any CPU
		{88836B48-12C3-4CC7-A73E-0245970589CB}.Debug|x86.Build.0 = Debug|Any CPU
		{88836B48-12C3-4CC7-A73E-0245970589CB}.Release|Any CPU.ActiveCfg = Release|Any CPU
		{88836B48-12C3-4CC7-A73E-0245970589CB}.Release|Any CPU.Build.0 = Release|Any CPU
		{88836B48-12C3-4CC7-A73E-0245970589CB}.Release|x64.ActiveCfg = Release|Any CPU
		{88836B48-12C3-4CC7-A73E-0245970589CB}.Release|x64.Build.0 = Release|Any CPU
		{88836B48-12C3-4CC7-A73E-0245970589CB}.Release|x86.ActiveCfg = Release|Any CPU
		{88836B48-12C3-4CC7-A73E-0245970589CB}.Release|x86.Build.0 = Release|Any CPU
		{297D901A-F3D0-4653-B4EB-CBD3D4402612}.Debug|Any CPU.ActiveCfg = Debug|Any CPU
		{297D901A-F3D0-4653-B4EB-CBD3D4402612}.Debug|Any CPU.Build.0 = Debug|Any CPU
		{297D901A-F3D0-4653-B4EB-CBD3D4402612}.Debug|x64.ActiveCfg = Debug|Any CPU
		{297D901A-F3D0-4653-B4EB-CBD3D4402612}.Debug|x64.Build.0 = Debug|Any CPU
		{297D901A-F3D0-4653-B4EB-CBD3D4402612}.Debug|x86.ActiveCfg = Debug|Any CPU
		{297D901A-F3D0-4653-B4EB-CBD3D4402612}.Debug|x86.Build.0 = Debug|Any CPU
		{297D901A-F3D0-4653-B4EB-CBD3D4402612}.Release|Any CPU.ActiveCfg = Release|Any CPU
		{297D901A-F3D0-4653-B4EB-CBD3D4402612}.Release|Any CPU.Build.0 = Release|Any CPU
		{297D901A-F3D0-4653-B4EB-CBD3D4402612}.Release|x64.ActiveCfg = Release|Any CPU
		{297D901A-F3D0-4653-B4EB-CBD3D4402612}.Release|x64.Build.0 = Release|Any CPU
		{297D901A-F3D0-4653-B4EB-CBD3D4402612}.Release|x86.ActiveCfg = Release|Any CPU
		{297D901A-F3D0-4653-B4EB-CBD3D4402612}.Release|x86.Build.0 = Release|Any CPU
		{82456D25-7753-4D1C-9ADC-450948B7FAC0}.Debug|Any CPU.ActiveCfg = Debug|Any CPU
		{82456D25-7753-4D1C-9ADC-450948B7FAC0}.Debug|Any CPU.Build.0 = Debug|Any CPU
		{82456D25-7753-4D1C-9ADC-450948B7FAC0}.Debug|x64.ActiveCfg = Debug|Any CPU
		{82456D25-7753-4D1C-9ADC-450948B7FAC0}.Debug|x64.Build.0 = Debug|Any CPU
		{82456D25-7753-4D1C-9ADC-450948B7FAC0}.Debug|x86.ActiveCfg = Debug|Any CPU
		{82456D25-7753-4D1C-9ADC-450948B7FAC0}.Debug|x86.Build.0 = Debug|Any CPU
		{82456D25-7753-4D1C-9ADC-450948B7FAC0}.Release|Any CPU.ActiveCfg = Release|Any CPU
		{82456D25-7753-4D1C-9ADC-450948B7FAC0}.Release|Any CPU.Build.0 = Release|Any CPU
		{82456D25-7753-4D1C-9ADC-450948B7FAC0}.Release|x64.ActiveCfg = Release|Any CPU
		{82456D25-7753-4D1C-9ADC-450948B7FAC0}.Release|x64.Build.0 = Release|Any CPU
		{82456D25-7753-4D1C-9ADC-450948B7FAC0}.Release|x86.ActiveCfg = Release|Any CPU
		{82456D25-7753-4D1C-9ADC-450948B7FAC0}.Release|x86.Build.0 = Release|Any CPU
		{E5408C31-60C9-4A60-89D9-840C8C9E5E2F}.Debug|Any CPU.ActiveCfg = Debug|Any CPU
		{E5408C31-60C9-4A60-89D9-840C8C9E5E2F}.Debug|Any CPU.Build.0 = Debug|Any CPU
		{E5408C31-60C9-4A60-89D9-840C8C9E5E2F}.Debug|x64.ActiveCfg = Debug|Any CPU
		{E5408C31-60C9-4A60-89D9-840C8C9E5E2F}.Debug|x64.Build.0 = Debug|Any CPU
		{E5408C31-60C9-4A60-89D9-840C8C9E5E2F}.Debug|x86.ActiveCfg = Debug|Any CPU
		{E5408C31-60C9-4A60-89D9-840C8C9E5E2F}.Debug|x86.Build.0 = Debug|Any CPU
		{E5408C31-60C9-4A60-89D9-840C8C9E5E2F}.Release|Any CPU.ActiveCfg = Release|Any CPU
		{E5408C31-60C9-4A60-89D9-840C8C9E5E2F}.Release|Any CPU.Build.0 = Release|Any CPU
		{E5408C31-60C9-4A60-89D9-840C8C9E5E2F}.Release|x64.ActiveCfg = Release|Any CPU
		{E5408C31-60C9-4A60-89D9-840C8C9E5E2F}.Release|x64.Build.0 = Release|Any CPU
		{E5408C31-60C9-4A60-89D9-840C8C9E5E2F}.Release|x86.ActiveCfg = Release|Any CPU
		{E5408C31-60C9-4A60-89D9-840C8C9E5E2F}.Release|x86.Build.0 = Release|Any CPU
		{79094B35-C3C6-4332-8A79-6E3D32582059}.Debug|Any CPU.ActiveCfg = Debug|Any CPU
		{79094B35-C3C6-4332-8A79-6E3D32582059}.Debug|Any CPU.Build.0 = Debug|Any CPU
		{79094B35-C3C6-4332-8A79-6E3D32582059}.Debug|x64.ActiveCfg = Debug|Any CPU
		{79094B35-C3C6-4332-8A79-6E3D32582059}.Debug|x64.Build.0 = Debug|Any CPU
		{79094B35-C3C6-4332-8A79-6E3D32582059}.Debug|x86.ActiveCfg = Debug|Any CPU
		{79094B35-C3C6-4332-8A79-6E3D32582059}.Debug|x86.Build.0 = Debug|Any CPU
		{79094B35-C3C6-4332-8A79-6E3D32582059}.Release|Any CPU.ActiveCfg = Release|Any CPU
		{79094B35-C3C6-4332-8A79-6E3D32582059}.Release|Any CPU.Build.0 = Release|Any CPU
		{79094B35-C3C6-4332-8A79-6E3D32582059}.Release|x64.ActiveCfg = Release|Any CPU
		{79094B35-C3C6-4332-8A79-6E3D32582059}.Release|x64.Build.0 = Release|Any CPU
		{79094B35-C3C6-4332-8A79-6E3D32582059}.Release|x86.ActiveCfg = Release|Any CPU
		{79094B35-C3C6-4332-8A79-6E3D32582059}.Release|x86.Build.0 = Release|Any CPU
		{7311835B-6CE8-470E-AFB4-B76424A86096}.Debug|Any CPU.ActiveCfg = Debug|Any CPU
		{7311835B-6CE8-470E-AFB4-B76424A86096}.Debug|Any CPU.Build.0 = Debug|Any CPU
		{7311835B-6CE8-470E-AFB4-B76424A86096}.Debug|x64.ActiveCfg = Debug|Any CPU
		{7311835B-6CE8-470E-AFB4-B76424A86096}.Debug|x64.Build.0 = Debug|Any CPU
		{7311835B-6CE8-470E-AFB4-B76424A86096}.Debug|x86.ActiveCfg = Debug|Any CPU
		{7311835B-6CE8-470E-AFB4-B76424A86096}.Debug|x86.Build.0 = Debug|Any CPU
		{7311835B-6CE8-470E-AFB4-B76424A86096}.Release|Any CPU.ActiveCfg = Release|Any CPU
		{7311835B-6CE8-470E-AFB4-B76424A86096}.Release|Any CPU.Build.0 = Release|Any CPU
		{7311835B-6CE8-470E-AFB4-B76424A86096}.Release|x64.ActiveCfg = Release|Any CPU
		{7311835B-6CE8-470E-AFB4-B76424A86096}.Release|x64.Build.0 = Release|Any CPU
		{7311835B-6CE8-470E-AFB4-B76424A86096}.Release|x86.ActiveCfg = Release|Any CPU
		{7311835B-6CE8-470E-AFB4-B76424A86096}.Release|x86.Build.0 = Release|Any CPU
		{04F673E8-6A3D-4A60-A829-1B851FDB5A4C}.Debug|Any CPU.ActiveCfg = Debug|Any CPU
		{04F673E8-6A3D-4A60-A829-1B851FDB5A4C}.Debug|Any CPU.Build.0 = Debug|Any CPU
		{04F673E8-6A3D-4A60-A829-1B851FDB5A4C}.Debug|x64.ActiveCfg = Debug|Any CPU
		{04F673E8-6A3D-4A60-A829-1B851FDB5A4C}.Debug|x64.Build.0 = Debug|Any CPU
		{04F673E8-6A3D-4A60-A829-1B851FDB5A4C}.Debug|x86.ActiveCfg = Debug|Any CPU
		{04F673E8-6A3D-4A60-A829-1B851FDB5A4C}.Debug|x86.Build.0 = Debug|Any CPU
		{04F673E8-6A3D-4A60-A829-1B851FDB5A4C}.Release|Any CPU.ActiveCfg = Release|Any CPU
		{04F673E8-6A3D-4A60-A829-1B851FDB5A4C}.Release|Any CPU.Build.0 = Release|Any CPU
		{04F673E8-6A3D-4A60-A829-1B851FDB5A4C}.Release|x64.ActiveCfg = Release|Any CPU
		{04F673E8-6A3D-4A60-A829-1B851FDB5A4C}.Release|x64.Build.0 = Release|Any CPU
		{04F673E8-6A3D-4A60-A829-1B851FDB5A4C}.Release|x86.ActiveCfg = Release|Any CPU
		{04F673E8-6A3D-4A60-A829-1B851FDB5A4C}.Release|x86.Build.0 = Release|Any CPU
		{1826ECD1-D177-4AEF-B821-8B65535CAA46}.Debug|Any CPU.ActiveCfg = Debug|Any CPU
		{1826ECD1-D177-4AEF-B821-8B65535CAA46}.Debug|Any CPU.Build.0 = Debug|Any CPU
		{1826ECD1-D177-4AEF-B821-8B65535CAA46}.Debug|x64.ActiveCfg = Debug|Any CPU
		{1826ECD1-D177-4AEF-B821-8B65535CAA46}.Debug|x64.Build.0 = Debug|Any CPU
		{1826ECD1-D177-4AEF-B821-8B65535CAA46}.Debug|x86.ActiveCfg = Debug|Any CPU
		{1826ECD1-D177-4AEF-B821-8B65535CAA46}.Debug|x86.Build.0 = Debug|Any CPU
		{1826ECD1-D177-4AEF-B821-8B65535CAA46}.Release|Any CPU.ActiveCfg = Release|Any CPU
		{1826ECD1-D177-4AEF-B821-8B65535CAA46}.Release|Any CPU.Build.0 = Release|Any CPU
		{1826ECD1-D177-4AEF-B821-8B65535CAA46}.Release|x64.ActiveCfg = Release|Any CPU
		{1826ECD1-D177-4AEF-B821-8B65535CAA46}.Release|x64.Build.0 = Release|Any CPU
		{1826ECD1-D177-4AEF-B821-8B65535CAA46}.Release|x86.ActiveCfg = Release|Any CPU
		{1826ECD1-D177-4AEF-B821-8B65535CAA46}.Release|x86.Build.0 = Release|Any CPU
		{C6D9607E-AB00-4E29-A8A9-8F378B2D755B}.Debug|Any CPU.ActiveCfg = Debug|Any CPU
		{C6D9607E-AB00-4E29-A8A9-8F378B2D755B}.Debug|Any CPU.Build.0 = Debug|Any CPU
		{C6D9607E-AB00-4E29-A8A9-8F378B2D755B}.Debug|x64.ActiveCfg = Debug|Any CPU
		{C6D9607E-AB00-4E29-A8A9-8F378B2D755B}.Debug|x64.Build.0 = Debug|Any CPU
		{C6D9607E-AB00-4E29-A8A9-8F378B2D755B}.Debug|x86.ActiveCfg = Debug|Any CPU
		{C6D9607E-AB00-4E29-A8A9-8F378B2D755B}.Debug|x86.Build.0 = Debug|Any CPU
		{C6D9607E-AB00-4E29-A8A9-8F378B2D755B}.Release|Any CPU.ActiveCfg = Release|Any CPU
		{C6D9607E-AB00-4E29-A8A9-8F378B2D755B}.Release|Any CPU.Build.0 = Release|Any CPU
		{C6D9607E-AB00-4E29-A8A9-8F378B2D755B}.Release|x64.ActiveCfg = Release|Any CPU
		{C6D9607E-AB00-4E29-A8A9-8F378B2D755B}.Release|x64.Build.0 = Release|Any CPU
		{C6D9607E-AB00-4E29-A8A9-8F378B2D755B}.Release|x86.ActiveCfg = Release|Any CPU
		{C6D9607E-AB00-4E29-A8A9-8F378B2D755B}.Release|x86.Build.0 = Release|Any CPU
		{19462AF9-35D7-43C8-AFA1-39E2FD1C7EBD}.Debug|Any CPU.ActiveCfg = Debug|Any CPU
		{19462AF9-35D7-43C8-AFA1-39E2FD1C7EBD}.Debug|Any CPU.Build.0 = Debug|Any CPU
		{19462AF9-35D7-43C8-AFA1-39E2FD1C7EBD}.Debug|x64.ActiveCfg = Debug|Any CPU
		{19462AF9-35D7-43C8-AFA1-39E2FD1C7EBD}.Debug|x64.Build.0 = Debug|Any CPU
		{19462AF9-35D7-43C8-AFA1-39E2FD1C7EBD}.Debug|x86.ActiveCfg = Debug|Any CPU
		{19462AF9-35D7-43C8-AFA1-39E2FD1C7EBD}.Debug|x86.Build.0 = Debug|Any CPU
		{19462AF9-35D7-43C8-AFA1-39E2FD1C7EBD}.Release|Any CPU.ActiveCfg = Release|Any CPU
		{19462AF9-35D7-43C8-AFA1-39E2FD1C7EBD}.Release|Any CPU.Build.0 = Release|Any CPU
		{19462AF9-35D7-43C8-AFA1-39E2FD1C7EBD}.Release|x64.ActiveCfg = Release|Any CPU
		{19462AF9-35D7-43C8-AFA1-39E2FD1C7EBD}.Release|x64.Build.0 = Release|Any CPU
		{19462AF9-35D7-43C8-AFA1-39E2FD1C7EBD}.Release|x86.ActiveCfg = Release|Any CPU
		{19462AF9-35D7-43C8-AFA1-39E2FD1C7EBD}.Release|x86.Build.0 = Release|Any CPU
		{745684DE-BABB-4BAA-BC36-DA3029E8C99F}.Debug|Any CPU.ActiveCfg = Debug|Any CPU
		{745684DE-BABB-4BAA-BC36-DA3029E8C99F}.Debug|Any CPU.Build.0 = Debug|Any CPU
		{745684DE-BABB-4BAA-BC36-DA3029E8C99F}.Debug|x64.ActiveCfg = Debug|Any CPU
		{745684DE-BABB-4BAA-BC36-DA3029E8C99F}.Debug|x64.Build.0 = Debug|Any CPU
		{745684DE-BABB-4BAA-BC36-DA3029E8C99F}.Debug|x86.ActiveCfg = Debug|Any CPU
		{745684DE-BABB-4BAA-BC36-DA3029E8C99F}.Debug|x86.Build.0 = Debug|Any CPU
		{745684DE-BABB-4BAA-BC36-DA3029E8C99F}.Release|Any CPU.ActiveCfg = Release|Any CPU
		{745684DE-BABB-4BAA-BC36-DA3029E8C99F}.Release|Any CPU.Build.0 = Release|Any CPU
		{745684DE-BABB-4BAA-BC36-DA3029E8C99F}.Release|x64.ActiveCfg = Release|Any CPU
		{745684DE-BABB-4BAA-BC36-DA3029E8C99F}.Release|x64.Build.0 = Release|Any CPU
		{745684DE-BABB-4BAA-BC36-DA3029E8C99F}.Release|x86.ActiveCfg = Release|Any CPU
		{745684DE-BABB-4BAA-BC36-DA3029E8C99F}.Release|x86.Build.0 = Release|Any CPU
		{F58C0BE6-D91A-42F7-A221-4A882911E61C}.Debug|Any CPU.ActiveCfg = Debug|Any CPU
		{F58C0BE6-D91A-42F7-A221-4A882911E61C}.Debug|Any CPU.Build.0 = Debug|Any CPU
		{F58C0BE6-D91A-42F7-A221-4A882911E61C}.Debug|x64.ActiveCfg = Debug|Any CPU
		{F58C0BE6-D91A-42F7-A221-4A882911E61C}.Debug|x64.Build.0 = Debug|Any CPU
		{F58C0BE6-D91A-42F7-A221-4A882911E61C}.Debug|x86.ActiveCfg = Debug|Any CPU
		{F58C0BE6-D91A-42F7-A221-4A882911E61C}.Debug|x86.Build.0 = Debug|Any CPU
		{F58C0BE6-D91A-42F7-A221-4A882911E61C}.Release|Any CPU.ActiveCfg = Release|Any CPU
		{F58C0BE6-D91A-42F7-A221-4A882911E61C}.Release|Any CPU.Build.0 = Release|Any CPU
		{F58C0BE6-D91A-42F7-A221-4A882911E61C}.Release|x64.ActiveCfg = Release|Any CPU
		{F58C0BE6-D91A-42F7-A221-4A882911E61C}.Release|x64.Build.0 = Release|Any CPU
		{F58C0BE6-D91A-42F7-A221-4A882911E61C}.Release|x86.ActiveCfg = Release|Any CPU
		{F58C0BE6-D91A-42F7-A221-4A882911E61C}.Release|x86.Build.0 = Release|Any CPU
		{5F1D96A7-8252-4D60-AE6E-A66C045A8A92}.Debug|Any CPU.ActiveCfg = Debug|Any CPU
		{5F1D96A7-8252-4D60-AE6E-A66C045A8A92}.Debug|Any CPU.Build.0 = Debug|Any CPU
		{5F1D96A7-8252-4D60-AE6E-A66C045A8A92}.Debug|x64.ActiveCfg = Debug|Any CPU
		{5F1D96A7-8252-4D60-AE6E-A66C045A8A92}.Debug|x64.Build.0 = Debug|Any CPU
		{5F1D96A7-8252-4D60-AE6E-A66C045A8A92}.Debug|x86.ActiveCfg = Debug|Any CPU
		{5F1D96A7-8252-4D60-AE6E-A66C045A8A92}.Debug|x86.Build.0 = Debug|Any CPU
		{5F1D96A7-8252-4D60-AE6E-A66C045A8A92}.Release|Any CPU.ActiveCfg = Release|Any CPU
		{5F1D96A7-8252-4D60-AE6E-A66C045A8A92}.Release|Any CPU.Build.0 = Release|Any CPU
		{5F1D96A7-8252-4D60-AE6E-A66C045A8A92}.Release|x64.ActiveCfg = Release|Any CPU
		{5F1D96A7-8252-4D60-AE6E-A66C045A8A92}.Release|x64.Build.0 = Release|Any CPU
		{5F1D96A7-8252-4D60-AE6E-A66C045A8A92}.Release|x86.ActiveCfg = Release|Any CPU
		{5F1D96A7-8252-4D60-AE6E-A66C045A8A92}.Release|x86.Build.0 = Release|Any CPU
		{AEDD4AE8-A831-46EE-AF49-EAC3183D5971}.Debug|Any CPU.ActiveCfg = Debug|Any CPU
		{AEDD4AE8-A831-46EE-AF49-EAC3183D5971}.Debug|Any CPU.Build.0 = Debug|Any CPU
		{AEDD4AE8-A831-46EE-AF49-EAC3183D5971}.Debug|x64.ActiveCfg = Debug|Any CPU
		{AEDD4AE8-A831-46EE-AF49-EAC3183D5971}.Debug|x64.Build.0 = Debug|Any CPU
		{AEDD4AE8-A831-46EE-AF49-EAC3183D5971}.Debug|x86.ActiveCfg = Debug|Any CPU
		{AEDD4AE8-A831-46EE-AF49-EAC3183D5971}.Debug|x86.Build.0 = Debug|Any CPU
		{AEDD4AE8-A831-46EE-AF49-EAC3183D5971}.Release|Any CPU.ActiveCfg = Release|Any CPU
		{AEDD4AE8-A831-46EE-AF49-EAC3183D5971}.Release|Any CPU.Build.0 = Release|Any CPU
		{AEDD4AE8-A831-46EE-AF49-EAC3183D5971}.Release|x64.ActiveCfg = Release|Any CPU
		{AEDD4AE8-A831-46EE-AF49-EAC3183D5971}.Release|x64.Build.0 = Release|Any CPU
		{AEDD4AE8-A831-46EE-AF49-EAC3183D5971}.Release|x86.ActiveCfg = Release|Any CPU
		{AEDD4AE8-A831-46EE-AF49-EAC3183D5971}.Release|x86.Build.0 = Release|Any CPU
		{F2387E3F-8B78-4FAC-BDAA-A3E2EBC4D889}.Debug|Any CPU.ActiveCfg = Debug|Any CPU
		{F2387E3F-8B78-4FAC-BDAA-A3E2EBC4D889}.Debug|Any CPU.Build.0 = Debug|Any CPU
		{F2387E3F-8B78-4FAC-BDAA-A3E2EBC4D889}.Debug|x64.ActiveCfg = Debug|Any CPU
		{F2387E3F-8B78-4FAC-BDAA-A3E2EBC4D889}.Debug|x64.Build.0 = Debug|Any CPU
		{F2387E3F-8B78-4FAC-BDAA-A3E2EBC4D889}.Debug|x86.ActiveCfg = Debug|Any CPU
		{F2387E3F-8B78-4FAC-BDAA-A3E2EBC4D889}.Debug|x86.Build.0 = Debug|Any CPU
		{F2387E3F-8B78-4FAC-BDAA-A3E2EBC4D889}.Release|Any CPU.ActiveCfg = Release|Any CPU
		{F2387E3F-8B78-4FAC-BDAA-A3E2EBC4D889}.Release|Any CPU.Build.0 = Release|Any CPU
		{F2387E3F-8B78-4FAC-BDAA-A3E2EBC4D889}.Release|x64.ActiveCfg = Release|Any CPU
		{F2387E3F-8B78-4FAC-BDAA-A3E2EBC4D889}.Release|x64.Build.0 = Release|Any CPU
		{F2387E3F-8B78-4FAC-BDAA-A3E2EBC4D889}.Release|x86.ActiveCfg = Release|Any CPU
		{F2387E3F-8B78-4FAC-BDAA-A3E2EBC4D889}.Release|x86.Build.0 = Release|Any CPU
		{D509243A-E5AA-430D-B47E-8ADC5DA31125}.Debug|Any CPU.ActiveCfg = Debug|Any CPU
		{D509243A-E5AA-430D-B47E-8ADC5DA31125}.Debug|Any CPU.Build.0 = Debug|Any CPU
		{D509243A-E5AA-430D-B47E-8ADC5DA31125}.Debug|x64.ActiveCfg = Debug|Any CPU
		{D509243A-E5AA-430D-B47E-8ADC5DA31125}.Debug|x64.Build.0 = Debug|Any CPU
		{D509243A-E5AA-430D-B47E-8ADC5DA31125}.Debug|x86.ActiveCfg = Debug|Any CPU
		{D509243A-E5AA-430D-B47E-8ADC5DA31125}.Debug|x86.Build.0 = Debug|Any CPU
		{D509243A-E5AA-430D-B47E-8ADC5DA31125}.Release|Any CPU.ActiveCfg = Release|Any CPU
		{D509243A-E5AA-430D-B47E-8ADC5DA31125}.Release|Any CPU.Build.0 = Release|Any CPU
		{D509243A-E5AA-430D-B47E-8ADC5DA31125}.Release|x64.ActiveCfg = Release|Any CPU
		{D509243A-E5AA-430D-B47E-8ADC5DA31125}.Release|x64.Build.0 = Release|Any CPU
		{D509243A-E5AA-430D-B47E-8ADC5DA31125}.Release|x86.ActiveCfg = Release|Any CPU
		{D509243A-E5AA-430D-B47E-8ADC5DA31125}.Release|x86.Build.0 = Release|Any CPU
		{7C8AA7A4-E72E-4A21-BC13-D7BA5A2219DC}.Debug|Any CPU.ActiveCfg = Debug|Any CPU
		{7C8AA7A4-E72E-4A21-BC13-D7BA5A2219DC}.Debug|Any CPU.Build.0 = Debug|Any CPU
		{7C8AA7A4-E72E-4A21-BC13-D7BA5A2219DC}.Debug|x64.ActiveCfg = Debug|Any CPU
		{7C8AA7A4-E72E-4A21-BC13-D7BA5A2219DC}.Debug|x64.Build.0 = Debug|Any CPU
		{7C8AA7A4-E72E-4A21-BC13-D7BA5A2219DC}.Debug|x86.ActiveCfg = Debug|Any CPU
		{7C8AA7A4-E72E-4A21-BC13-D7BA5A2219DC}.Debug|x86.Build.0 = Debug|Any CPU
		{7C8AA7A4-E72E-4A21-BC13-D7BA5A2219DC}.Release|Any CPU.ActiveCfg = Release|Any CPU
		{7C8AA7A4-E72E-4A21-BC13-D7BA5A2219DC}.Release|Any CPU.Build.0 = Release|Any CPU
		{7C8AA7A4-E72E-4A21-BC13-D7BA5A2219DC}.Release|x64.ActiveCfg = Release|Any CPU
		{7C8AA7A4-E72E-4A21-BC13-D7BA5A2219DC}.Release|x64.Build.0 = Release|Any CPU
		{7C8AA7A4-E72E-4A21-BC13-D7BA5A2219DC}.Release|x86.ActiveCfg = Release|Any CPU
		{7C8AA7A4-E72E-4A21-BC13-D7BA5A2219DC}.Release|x86.Build.0 = Release|Any CPU
		{443B5C89-0904-4AE8-B48F-1E92709FBEF3}.Debug|Any CPU.ActiveCfg = Debug|Any CPU
		{443B5C89-0904-4AE8-B48F-1E92709FBEF3}.Debug|Any CPU.Build.0 = Debug|Any CPU
		{443B5C89-0904-4AE8-B48F-1E92709FBEF3}.Debug|x64.ActiveCfg = Debug|Any CPU
		{443B5C89-0904-4AE8-B48F-1E92709FBEF3}.Debug|x64.Build.0 = Debug|Any CPU
		{443B5C89-0904-4AE8-B48F-1E92709FBEF3}.Debug|x86.ActiveCfg = Debug|Any CPU
		{443B5C89-0904-4AE8-B48F-1E92709FBEF3}.Debug|x86.Build.0 = Debug|Any CPU
		{443B5C89-0904-4AE8-B48F-1E92709FBEF3}.Release|Any CPU.ActiveCfg = Release|Any CPU
		{443B5C89-0904-4AE8-B48F-1E92709FBEF3}.Release|Any CPU.Build.0 = Release|Any CPU
		{443B5C89-0904-4AE8-B48F-1E92709FBEF3}.Release|x64.ActiveCfg = Release|Any CPU
		{443B5C89-0904-4AE8-B48F-1E92709FBEF3}.Release|x64.Build.0 = Release|Any CPU
		{443B5C89-0904-4AE8-B48F-1E92709FBEF3}.Release|x86.ActiveCfg = Release|Any CPU
		{443B5C89-0904-4AE8-B48F-1E92709FBEF3}.Release|x86.Build.0 = Release|Any CPU
		{48EA13C9-7FBC-4DCA-85CF-CCB1493A73C8}.Debug|Any CPU.ActiveCfg = Debug|Any CPU
		{48EA13C9-7FBC-4DCA-85CF-CCB1493A73C8}.Debug|Any CPU.Build.0 = Debug|Any CPU
		{48EA13C9-7FBC-4DCA-85CF-CCB1493A73C8}.Debug|x64.ActiveCfg = Debug|Any CPU
		{48EA13C9-7FBC-4DCA-85CF-CCB1493A73C8}.Debug|x64.Build.0 = Debug|Any CPU
		{48EA13C9-7FBC-4DCA-85CF-CCB1493A73C8}.Debug|x86.ActiveCfg = Debug|Any CPU
		{48EA13C9-7FBC-4DCA-85CF-CCB1493A73C8}.Debug|x86.Build.0 = Debug|Any CPU
		{48EA13C9-7FBC-4DCA-85CF-CCB1493A73C8}.Release|Any CPU.ActiveCfg = Release|Any CPU
		{48EA13C9-7FBC-4DCA-85CF-CCB1493A73C8}.Release|Any CPU.Build.0 = Release|Any CPU
		{48EA13C9-7FBC-4DCA-85CF-CCB1493A73C8}.Release|x64.ActiveCfg = Release|Any CPU
		{48EA13C9-7FBC-4DCA-85CF-CCB1493A73C8}.Release|x64.Build.0 = Release|Any CPU
		{48EA13C9-7FBC-4DCA-85CF-CCB1493A73C8}.Release|x86.ActiveCfg = Release|Any CPU
		{48EA13C9-7FBC-4DCA-85CF-CCB1493A73C8}.Release|x86.Build.0 = Release|Any CPU
		{EF1817C6-1FEB-4185-94F3-6BDB9ED1660A}.Debug|Any CPU.ActiveCfg = Debug|Any CPU
		{EF1817C6-1FEB-4185-94F3-6BDB9ED1660A}.Debug|Any CPU.Build.0 = Debug|Any CPU
		{EF1817C6-1FEB-4185-94F3-6BDB9ED1660A}.Debug|x64.ActiveCfg = Debug|Any CPU
		{EF1817C6-1FEB-4185-94F3-6BDB9ED1660A}.Debug|x64.Build.0 = Debug|Any CPU
		{EF1817C6-1FEB-4185-94F3-6BDB9ED1660A}.Debug|x86.ActiveCfg = Debug|Any CPU
		{EF1817C6-1FEB-4185-94F3-6BDB9ED1660A}.Debug|x86.Build.0 = Debug|Any CPU
		{EF1817C6-1FEB-4185-94F3-6BDB9ED1660A}.Release|Any CPU.ActiveCfg = Release|Any CPU
		{EF1817C6-1FEB-4185-94F3-6BDB9ED1660A}.Release|Any CPU.Build.0 = Release|Any CPU
		{EF1817C6-1FEB-4185-94F3-6BDB9ED1660A}.Release|x64.ActiveCfg = Release|Any CPU
		{EF1817C6-1FEB-4185-94F3-6BDB9ED1660A}.Release|x64.Build.0 = Release|Any CPU
		{EF1817C6-1FEB-4185-94F3-6BDB9ED1660A}.Release|x86.ActiveCfg = Release|Any CPU
		{EF1817C6-1FEB-4185-94F3-6BDB9ED1660A}.Release|x86.Build.0 = Release|Any CPU
		{1EF56286-3151-4D13-B662-C23CBE7148FE}.Debug|Any CPU.ActiveCfg = Debug|Any CPU
		{1EF56286-3151-4D13-B662-C23CBE7148FE}.Debug|Any CPU.Build.0 = Debug|Any CPU
		{1EF56286-3151-4D13-B662-C23CBE7148FE}.Debug|x64.ActiveCfg = Debug|Any CPU
		{1EF56286-3151-4D13-B662-C23CBE7148FE}.Debug|x64.Build.0 = Debug|Any CPU
		{1EF56286-3151-4D13-B662-C23CBE7148FE}.Debug|x86.ActiveCfg = Debug|Any CPU
		{1EF56286-3151-4D13-B662-C23CBE7148FE}.Debug|x86.Build.0 = Debug|Any CPU
		{1EF56286-3151-4D13-B662-C23CBE7148FE}.Release|Any CPU.ActiveCfg = Release|Any CPU
		{1EF56286-3151-4D13-B662-C23CBE7148FE}.Release|Any CPU.Build.0 = Release|Any CPU
		{1EF56286-3151-4D13-B662-C23CBE7148FE}.Release|x64.ActiveCfg = Release|Any CPU
		{1EF56286-3151-4D13-B662-C23CBE7148FE}.Release|x64.Build.0 = Release|Any CPU
		{1EF56286-3151-4D13-B662-C23CBE7148FE}.Release|x86.ActiveCfg = Release|Any CPU
		{1EF56286-3151-4D13-B662-C23CBE7148FE}.Release|x86.Build.0 = Release|Any CPU
		{5FF3DBB0-B465-46C5-ADB7-CE8998A6E7BA}.Debug|Any CPU.ActiveCfg = Debug|Any CPU
		{5FF3DBB0-B465-46C5-ADB7-CE8998A6E7BA}.Debug|Any CPU.Build.0 = Debug|Any CPU
		{5FF3DBB0-B465-46C5-ADB7-CE8998A6E7BA}.Debug|x64.ActiveCfg = Debug|Any CPU
		{5FF3DBB0-B465-46C5-ADB7-CE8998A6E7BA}.Debug|x64.Build.0 = Debug|Any CPU
		{5FF3DBB0-B465-46C5-ADB7-CE8998A6E7BA}.Debug|x86.ActiveCfg = Debug|Any CPU
		{5FF3DBB0-B465-46C5-ADB7-CE8998A6E7BA}.Debug|x86.Build.0 = Debug|Any CPU
		{5FF3DBB0-B465-46C5-ADB7-CE8998A6E7BA}.Release|Any CPU.ActiveCfg = Release|Any CPU
		{5FF3DBB0-B465-46C5-ADB7-CE8998A6E7BA}.Release|Any CPU.Build.0 = Release|Any CPU
		{5FF3DBB0-B465-46C5-ADB7-CE8998A6E7BA}.Release|x64.ActiveCfg = Release|Any CPU
		{5FF3DBB0-B465-46C5-ADB7-CE8998A6E7BA}.Release|x64.Build.0 = Release|Any CPU
		{5FF3DBB0-B465-46C5-ADB7-CE8998A6E7BA}.Release|x86.ActiveCfg = Release|Any CPU
		{5FF3DBB0-B465-46C5-ADB7-CE8998A6E7BA}.Release|x86.Build.0 = Release|Any CPU
		{F743054C-0D7F-4352-9DBD-365C4CFA19C6}.Debug|Any CPU.ActiveCfg = Debug|Any CPU
		{F743054C-0D7F-4352-9DBD-365C4CFA19C6}.Debug|Any CPU.Build.0 = Debug|Any CPU
		{F743054C-0D7F-4352-9DBD-365C4CFA19C6}.Debug|x64.ActiveCfg = Debug|Any CPU
		{F743054C-0D7F-4352-9DBD-365C4CFA19C6}.Debug|x64.Build.0 = Debug|Any CPU
		{F743054C-0D7F-4352-9DBD-365C4CFA19C6}.Debug|x86.ActiveCfg = Debug|Any CPU
		{F743054C-0D7F-4352-9DBD-365C4CFA19C6}.Debug|x86.Build.0 = Debug|Any CPU
		{F743054C-0D7F-4352-9DBD-365C4CFA19C6}.Release|Any CPU.ActiveCfg = Release|Any CPU
		{F743054C-0D7F-4352-9DBD-365C4CFA19C6}.Release|Any CPU.Build.0 = Release|Any CPU
		{F743054C-0D7F-4352-9DBD-365C4CFA19C6}.Release|x64.ActiveCfg = Release|Any CPU
		{F743054C-0D7F-4352-9DBD-365C4CFA19C6}.Release|x64.Build.0 = Release|Any CPU
		{F743054C-0D7F-4352-9DBD-365C4CFA19C6}.Release|x86.ActiveCfg = Release|Any CPU
		{F743054C-0D7F-4352-9DBD-365C4CFA19C6}.Release|x86.Build.0 = Release|Any CPU
		{509EA8AB-5717-4953-87FC-F3EDD041F200}.Debug|Any CPU.ActiveCfg = Debug|Any CPU
		{509EA8AB-5717-4953-87FC-F3EDD041F200}.Debug|Any CPU.Build.0 = Debug|Any CPU
		{509EA8AB-5717-4953-87FC-F3EDD041F200}.Debug|x64.ActiveCfg = Debug|Any CPU
		{509EA8AB-5717-4953-87FC-F3EDD041F200}.Debug|x64.Build.0 = Debug|Any CPU
		{509EA8AB-5717-4953-87FC-F3EDD041F200}.Debug|x86.ActiveCfg = Debug|Any CPU
		{509EA8AB-5717-4953-87FC-F3EDD041F200}.Debug|x86.Build.0 = Debug|Any CPU
		{509EA8AB-5717-4953-87FC-F3EDD041F200}.Release|Any CPU.ActiveCfg = Release|Any CPU
		{509EA8AB-5717-4953-87FC-F3EDD041F200}.Release|Any CPU.Build.0 = Release|Any CPU
		{509EA8AB-5717-4953-87FC-F3EDD041F200}.Release|x64.ActiveCfg = Release|Any CPU
		{509EA8AB-5717-4953-87FC-F3EDD041F200}.Release|x64.Build.0 = Release|Any CPU
		{509EA8AB-5717-4953-87FC-F3EDD041F200}.Release|x86.ActiveCfg = Release|Any CPU
		{509EA8AB-5717-4953-87FC-F3EDD041F200}.Release|x86.Build.0 = Release|Any CPU
		{A9677606-014A-43A4-83D1-7871D1547862}.Debug|Any CPU.ActiveCfg = Debug|Any CPU
		{A9677606-014A-43A4-83D1-7871D1547862}.Debug|Any CPU.Build.0 = Debug|Any CPU
		{A9677606-014A-43A4-83D1-7871D1547862}.Debug|x64.ActiveCfg = Debug|Any CPU
		{A9677606-014A-43A4-83D1-7871D1547862}.Debug|x64.Build.0 = Debug|Any CPU
		{A9677606-014A-43A4-83D1-7871D1547862}.Debug|x86.ActiveCfg = Debug|Any CPU
		{A9677606-014A-43A4-83D1-7871D1547862}.Debug|x86.Build.0 = Debug|Any CPU
		{A9677606-014A-43A4-83D1-7871D1547862}.Release|Any CPU.ActiveCfg = Release|Any CPU
		{A9677606-014A-43A4-83D1-7871D1547862}.Release|Any CPU.Build.0 = Release|Any CPU
		{A9677606-014A-43A4-83D1-7871D1547862}.Release|x64.ActiveCfg = Release|Any CPU
		{A9677606-014A-43A4-83D1-7871D1547862}.Release|x64.Build.0 = Release|Any CPU
		{A9677606-014A-43A4-83D1-7871D1547862}.Release|x86.ActiveCfg = Release|Any CPU
		{A9677606-014A-43A4-83D1-7871D1547862}.Release|x86.Build.0 = Release|Any CPU
		{42B441C3-43AD-4D8F-96E0-547D7257FB04}.Debug|Any CPU.ActiveCfg = Debug|Any CPU
		{42B441C3-43AD-4D8F-96E0-547D7257FB04}.Debug|Any CPU.Build.0 = Debug|Any CPU
		{42B441C3-43AD-4D8F-96E0-547D7257FB04}.Debug|x64.ActiveCfg = Debug|Any CPU
		{42B441C3-43AD-4D8F-96E0-547D7257FB04}.Debug|x64.Build.0 = Debug|Any CPU
		{42B441C3-43AD-4D8F-96E0-547D7257FB04}.Debug|x86.ActiveCfg = Debug|Any CPU
		{42B441C3-43AD-4D8F-96E0-547D7257FB04}.Debug|x86.Build.0 = Debug|Any CPU
		{42B441C3-43AD-4D8F-96E0-547D7257FB04}.Release|Any CPU.ActiveCfg = Release|Any CPU
		{42B441C3-43AD-4D8F-96E0-547D7257FB04}.Release|Any CPU.Build.0 = Release|Any CPU
		{42B441C3-43AD-4D8F-96E0-547D7257FB04}.Release|x64.ActiveCfg = Release|Any CPU
		{42B441C3-43AD-4D8F-96E0-547D7257FB04}.Release|x64.Build.0 = Release|Any CPU
		{42B441C3-43AD-4D8F-96E0-547D7257FB04}.Release|x86.ActiveCfg = Release|Any CPU
		{42B441C3-43AD-4D8F-96E0-547D7257FB04}.Release|x86.Build.0 = Release|Any CPU
		{DD4CFE16-3F58-4AA0-A995-312AFC55F0B3}.Debug|Any CPU.ActiveCfg = Debug|Any CPU
		{DD4CFE16-3F58-4AA0-A995-312AFC55F0B3}.Debug|Any CPU.Build.0 = Debug|Any CPU
		{DD4CFE16-3F58-4AA0-A995-312AFC55F0B3}.Debug|x64.ActiveCfg = Debug|Any CPU
		{DD4CFE16-3F58-4AA0-A995-312AFC55F0B3}.Debug|x64.Build.0 = Debug|Any CPU
		{DD4CFE16-3F58-4AA0-A995-312AFC55F0B3}.Debug|x86.ActiveCfg = Debug|Any CPU
		{DD4CFE16-3F58-4AA0-A995-312AFC55F0B3}.Debug|x86.Build.0 = Debug|Any CPU
		{DD4CFE16-3F58-4AA0-A995-312AFC55F0B3}.Release|Any CPU.ActiveCfg = Release|Any CPU
		{DD4CFE16-3F58-4AA0-A995-312AFC55F0B3}.Release|Any CPU.Build.0 = Release|Any CPU
		{DD4CFE16-3F58-4AA0-A995-312AFC55F0B3}.Release|x64.ActiveCfg = Release|Any CPU
		{DD4CFE16-3F58-4AA0-A995-312AFC55F0B3}.Release|x64.Build.0 = Release|Any CPU
		{DD4CFE16-3F58-4AA0-A995-312AFC55F0B3}.Release|x86.ActiveCfg = Release|Any CPU
		{DD4CFE16-3F58-4AA0-A995-312AFC55F0B3}.Release|x86.Build.0 = Release|Any CPU
		{CC31B699-7B15-4685-8E00-01E2DE6CA88B}.Debug|Any CPU.ActiveCfg = Debug|Any CPU
		{CC31B699-7B15-4685-8E00-01E2DE6CA88B}.Debug|Any CPU.Build.0 = Debug|Any CPU
		{CC31B699-7B15-4685-8E00-01E2DE6CA88B}.Debug|x64.ActiveCfg = Debug|Any CPU
		{CC31B699-7B15-4685-8E00-01E2DE6CA88B}.Debug|x64.Build.0 = Debug|Any CPU
		{CC31B699-7B15-4685-8E00-01E2DE6CA88B}.Debug|x86.ActiveCfg = Debug|Any CPU
		{CC31B699-7B15-4685-8E00-01E2DE6CA88B}.Debug|x86.Build.0 = Debug|Any CPU
		{CC31B699-7B15-4685-8E00-01E2DE6CA88B}.Release|Any CPU.ActiveCfg = Release|Any CPU
		{CC31B699-7B15-4685-8E00-01E2DE6CA88B}.Release|Any CPU.Build.0 = Release|Any CPU
		{CC31B699-7B15-4685-8E00-01E2DE6CA88B}.Release|x64.ActiveCfg = Release|Any CPU
		{CC31B699-7B15-4685-8E00-01E2DE6CA88B}.Release|x64.Build.0 = Release|Any CPU
		{CC31B699-7B15-4685-8E00-01E2DE6CA88B}.Release|x86.ActiveCfg = Release|Any CPU
		{CC31B699-7B15-4685-8E00-01E2DE6CA88B}.Release|x86.Build.0 = Release|Any CPU
		{ED59B9E2-82EC-4984-9A27-E9DFF3B13B60}.Debug|Any CPU.ActiveCfg = Debug|Any CPU
		{ED59B9E2-82EC-4984-9A27-E9DFF3B13B60}.Debug|Any CPU.Build.0 = Debug|Any CPU
		{ED59B9E2-82EC-4984-9A27-E9DFF3B13B60}.Debug|x64.ActiveCfg = Debug|Any CPU
		{ED59B9E2-82EC-4984-9A27-E9DFF3B13B60}.Debug|x64.Build.0 = Debug|Any CPU
		{ED59B9E2-82EC-4984-9A27-E9DFF3B13B60}.Debug|x86.ActiveCfg = Debug|Any CPU
		{ED59B9E2-82EC-4984-9A27-E9DFF3B13B60}.Debug|x86.Build.0 = Debug|Any CPU
		{ED59B9E2-82EC-4984-9A27-E9DFF3B13B60}.Release|Any CPU.ActiveCfg = Release|Any CPU
		{ED59B9E2-82EC-4984-9A27-E9DFF3B13B60}.Release|Any CPU.Build.0 = Release|Any CPU
		{ED59B9E2-82EC-4984-9A27-E9DFF3B13B60}.Release|x64.ActiveCfg = Release|Any CPU
		{ED59B9E2-82EC-4984-9A27-E9DFF3B13B60}.Release|x64.Build.0 = Release|Any CPU
		{ED59B9E2-82EC-4984-9A27-E9DFF3B13B60}.Release|x86.ActiveCfg = Release|Any CPU
		{ED59B9E2-82EC-4984-9A27-E9DFF3B13B60}.Release|x86.Build.0 = Release|Any CPU
		{6FC8F397-8F3D-4300-A8B3-6F76B68C959B}.Debug|Any CPU.ActiveCfg = Debug|Any CPU
		{6FC8F397-8F3D-4300-A8B3-6F76B68C959B}.Debug|Any CPU.Build.0 = Debug|Any CPU
		{6FC8F397-8F3D-4300-A8B3-6F76B68C959B}.Debug|x64.ActiveCfg = Debug|Any CPU
		{6FC8F397-8F3D-4300-A8B3-6F76B68C959B}.Debug|x64.Build.0 = Debug|Any CPU
		{6FC8F397-8F3D-4300-A8B3-6F76B68C959B}.Debug|x86.ActiveCfg = Debug|Any CPU
		{6FC8F397-8F3D-4300-A8B3-6F76B68C959B}.Debug|x86.Build.0 = Debug|Any CPU
		{6FC8F397-8F3D-4300-A8B3-6F76B68C959B}.Release|Any CPU.ActiveCfg = Release|Any CPU
		{6FC8F397-8F3D-4300-A8B3-6F76B68C959B}.Release|Any CPU.Build.0 = Release|Any CPU
		{6FC8F397-8F3D-4300-A8B3-6F76B68C959B}.Release|x64.ActiveCfg = Release|Any CPU
		{6FC8F397-8F3D-4300-A8B3-6F76B68C959B}.Release|x64.Build.0 = Release|Any CPU
		{6FC8F397-8F3D-4300-A8B3-6F76B68C959B}.Release|x86.ActiveCfg = Release|Any CPU
		{6FC8F397-8F3D-4300-A8B3-6F76B68C959B}.Release|x86.Build.0 = Release|Any CPU
		{7B9E64D1-70C9-4462-BE0B-A965A2825919}.Debug|Any CPU.ActiveCfg = Debug|Any CPU
		{7B9E64D1-70C9-4462-BE0B-A965A2825919}.Debug|Any CPU.Build.0 = Debug|Any CPU
		{7B9E64D1-70C9-4462-BE0B-A965A2825919}.Debug|x64.ActiveCfg = Debug|Any CPU
		{7B9E64D1-70C9-4462-BE0B-A965A2825919}.Debug|x64.Build.0 = Debug|Any CPU
		{7B9E64D1-70C9-4462-BE0B-A965A2825919}.Debug|x86.ActiveCfg = Debug|Any CPU
		{7B9E64D1-70C9-4462-BE0B-A965A2825919}.Debug|x86.Build.0 = Debug|Any CPU
		{7B9E64D1-70C9-4462-BE0B-A965A2825919}.Release|Any CPU.ActiveCfg = Release|Any CPU
		{7B9E64D1-70C9-4462-BE0B-A965A2825919}.Release|Any CPU.Build.0 = Release|Any CPU
		{7B9E64D1-70C9-4462-BE0B-A965A2825919}.Release|x64.ActiveCfg = Release|Any CPU
		{7B9E64D1-70C9-4462-BE0B-A965A2825919}.Release|x64.Build.0 = Release|Any CPU
		{7B9E64D1-70C9-4462-BE0B-A965A2825919}.Release|x86.ActiveCfg = Release|Any CPU
		{7B9E64D1-70C9-4462-BE0B-A965A2825919}.Release|x86.Build.0 = Release|Any CPU
		{82D6EBAF-B0B6-4744-A556-E5667DF823B7}.Debug|Any CPU.ActiveCfg = Debug|Any CPU
		{82D6EBAF-B0B6-4744-A556-E5667DF823B7}.Debug|Any CPU.Build.0 = Debug|Any CPU
		{82D6EBAF-B0B6-4744-A556-E5667DF823B7}.Debug|x64.ActiveCfg = Debug|Any CPU
		{82D6EBAF-B0B6-4744-A556-E5667DF823B7}.Debug|x64.Build.0 = Debug|Any CPU
		{82D6EBAF-B0B6-4744-A556-E5667DF823B7}.Debug|x86.ActiveCfg = Debug|Any CPU
		{82D6EBAF-B0B6-4744-A556-E5667DF823B7}.Debug|x86.Build.0 = Debug|Any CPU
		{82D6EBAF-B0B6-4744-A556-E5667DF823B7}.Release|Any CPU.ActiveCfg = Release|Any CPU
		{82D6EBAF-B0B6-4744-A556-E5667DF823B7}.Release|Any CPU.Build.0 = Release|Any CPU
		{82D6EBAF-B0B6-4744-A556-E5667DF823B7}.Release|x64.ActiveCfg = Release|Any CPU
		{82D6EBAF-B0B6-4744-A556-E5667DF823B7}.Release|x64.Build.0 = Release|Any CPU
		{82D6EBAF-B0B6-4744-A556-E5667DF823B7}.Release|x86.ActiveCfg = Release|Any CPU
		{82D6EBAF-B0B6-4744-A556-E5667DF823B7}.Release|x86.Build.0 = Release|Any CPU
		{410366DF-4121-44DE-923D-218ACBA2F8CC}.Debug|Any CPU.ActiveCfg = Debug|Any CPU
		{410366DF-4121-44DE-923D-218ACBA2F8CC}.Debug|Any CPU.Build.0 = Debug|Any CPU
		{410366DF-4121-44DE-923D-218ACBA2F8CC}.Debug|x64.ActiveCfg = Debug|Any CPU
		{410366DF-4121-44DE-923D-218ACBA2F8CC}.Debug|x64.Build.0 = Debug|Any CPU
		{410366DF-4121-44DE-923D-218ACBA2F8CC}.Debug|x86.ActiveCfg = Debug|Any CPU
		{410366DF-4121-44DE-923D-218ACBA2F8CC}.Debug|x86.Build.0 = Debug|Any CPU
		{410366DF-4121-44DE-923D-218ACBA2F8CC}.Release|Any CPU.ActiveCfg = Release|Any CPU
		{410366DF-4121-44DE-923D-218ACBA2F8CC}.Release|Any CPU.Build.0 = Release|Any CPU
		{410366DF-4121-44DE-923D-218ACBA2F8CC}.Release|x64.ActiveCfg = Release|Any CPU
		{410366DF-4121-44DE-923D-218ACBA2F8CC}.Release|x64.Build.0 = Release|Any CPU
		{410366DF-4121-44DE-923D-218ACBA2F8CC}.Release|x86.ActiveCfg = Release|Any CPU
		{410366DF-4121-44DE-923D-218ACBA2F8CC}.Release|x86.Build.0 = Release|Any CPU
		{A8E066A4-00E7-4209-BB1E-0BD9A2FBAC8E}.Debug|Any CPU.ActiveCfg = Debug|Any CPU
		{A8E066A4-00E7-4209-BB1E-0BD9A2FBAC8E}.Debug|Any CPU.Build.0 = Debug|Any CPU
		{A8E066A4-00E7-4209-BB1E-0BD9A2FBAC8E}.Debug|x64.ActiveCfg = Debug|Any CPU
		{A8E066A4-00E7-4209-BB1E-0BD9A2FBAC8E}.Debug|x64.Build.0 = Debug|Any CPU
		{A8E066A4-00E7-4209-BB1E-0BD9A2FBAC8E}.Debug|x86.ActiveCfg = Debug|Any CPU
		{A8E066A4-00E7-4209-BB1E-0BD9A2FBAC8E}.Debug|x86.Build.0 = Debug|Any CPU
		{A8E066A4-00E7-4209-BB1E-0BD9A2FBAC8E}.Release|Any CPU.ActiveCfg = Release|Any CPU
		{A8E066A4-00E7-4209-BB1E-0BD9A2FBAC8E}.Release|Any CPU.Build.0 = Release|Any CPU
		{A8E066A4-00E7-4209-BB1E-0BD9A2FBAC8E}.Release|x64.ActiveCfg = Release|Any CPU
		{A8E066A4-00E7-4209-BB1E-0BD9A2FBAC8E}.Release|x64.Build.0 = Release|Any CPU
		{A8E066A4-00E7-4209-BB1E-0BD9A2FBAC8E}.Release|x86.ActiveCfg = Release|Any CPU
		{A8E066A4-00E7-4209-BB1E-0BD9A2FBAC8E}.Release|x86.Build.0 = Release|Any CPU
		{656422FD-47DA-4F06-AB76-57FF1F77B040}.Debug|Any CPU.ActiveCfg = Debug|Any CPU
		{656422FD-47DA-4F06-AB76-57FF1F77B040}.Debug|Any CPU.Build.0 = Debug|Any CPU
		{656422FD-47DA-4F06-AB76-57FF1F77B040}.Debug|x64.ActiveCfg = Debug|Any CPU
		{656422FD-47DA-4F06-AB76-57FF1F77B040}.Debug|x64.Build.0 = Debug|Any CPU
		{656422FD-47DA-4F06-AB76-57FF1F77B040}.Debug|x86.ActiveCfg = Debug|Any CPU
		{656422FD-47DA-4F06-AB76-57FF1F77B040}.Debug|x86.Build.0 = Debug|Any CPU
		{656422FD-47DA-4F06-AB76-57FF1F77B040}.Release|Any CPU.ActiveCfg = Release|Any CPU
		{656422FD-47DA-4F06-AB76-57FF1F77B040}.Release|Any CPU.Build.0 = Release|Any CPU
		{656422FD-47DA-4F06-AB76-57FF1F77B040}.Release|x64.ActiveCfg = Release|Any CPU
		{656422FD-47DA-4F06-AB76-57FF1F77B040}.Release|x64.Build.0 = Release|Any CPU
		{656422FD-47DA-4F06-AB76-57FF1F77B040}.Release|x86.ActiveCfg = Release|Any CPU
		{656422FD-47DA-4F06-AB76-57FF1F77B040}.Release|x86.Build.0 = Release|Any CPU
		{502B8111-F428-4584-AE44-D1AD3B4F16B5}.Debug|Any CPU.ActiveCfg = Debug|Any CPU
		{502B8111-F428-4584-AE44-D1AD3B4F16B5}.Debug|Any CPU.Build.0 = Debug|Any CPU
		{502B8111-F428-4584-AE44-D1AD3B4F16B5}.Debug|x64.ActiveCfg = Debug|Any CPU
		{502B8111-F428-4584-AE44-D1AD3B4F16B5}.Debug|x64.Build.0 = Debug|Any CPU
		{502B8111-F428-4584-AE44-D1AD3B4F16B5}.Debug|x86.ActiveCfg = Debug|Any CPU
		{502B8111-F428-4584-AE44-D1AD3B4F16B5}.Debug|x86.Build.0 = Debug|Any CPU
		{502B8111-F428-4584-AE44-D1AD3B4F16B5}.Release|Any CPU.ActiveCfg = Release|Any CPU
		{502B8111-F428-4584-AE44-D1AD3B4F16B5}.Release|Any CPU.Build.0 = Release|Any CPU
		{502B8111-F428-4584-AE44-D1AD3B4F16B5}.Release|x64.ActiveCfg = Release|Any CPU
		{502B8111-F428-4584-AE44-D1AD3B4F16B5}.Release|x64.Build.0 = Release|Any CPU
		{502B8111-F428-4584-AE44-D1AD3B4F16B5}.Release|x86.ActiveCfg = Release|Any CPU
		{502B8111-F428-4584-AE44-D1AD3B4F16B5}.Release|x86.Build.0 = Release|Any CPU
		{174CF08D-E13D-4904-90C0-CC740C9DE086}.Debug|Any CPU.ActiveCfg = Debug|Any CPU
		{174CF08D-E13D-4904-90C0-CC740C9DE086}.Debug|Any CPU.Build.0 = Debug|Any CPU
		{174CF08D-E13D-4904-90C0-CC740C9DE086}.Debug|x64.ActiveCfg = Debug|Any CPU
		{174CF08D-E13D-4904-90C0-CC740C9DE086}.Debug|x64.Build.0 = Debug|Any CPU
		{174CF08D-E13D-4904-90C0-CC740C9DE086}.Debug|x86.ActiveCfg = Debug|Any CPU
		{174CF08D-E13D-4904-90C0-CC740C9DE086}.Debug|x86.Build.0 = Debug|Any CPU
		{174CF08D-E13D-4904-90C0-CC740C9DE086}.Release|Any CPU.ActiveCfg = Release|Any CPU
		{174CF08D-E13D-4904-90C0-CC740C9DE086}.Release|Any CPU.Build.0 = Release|Any CPU
		{174CF08D-E13D-4904-90C0-CC740C9DE086}.Release|x64.ActiveCfg = Release|Any CPU
		{174CF08D-E13D-4904-90C0-CC740C9DE086}.Release|x64.Build.0 = Release|Any CPU
		{174CF08D-E13D-4904-90C0-CC740C9DE086}.Release|x86.ActiveCfg = Release|Any CPU
		{174CF08D-E13D-4904-90C0-CC740C9DE086}.Release|x86.Build.0 = Release|Any CPU
		{853E3B54-DB8A-4A82-8565-E6103130DA3C}.Debug|Any CPU.ActiveCfg = Debug|Any CPU
		{853E3B54-DB8A-4A82-8565-E6103130DA3C}.Debug|Any CPU.Build.0 = Debug|Any CPU
		{853E3B54-DB8A-4A82-8565-E6103130DA3C}.Debug|x64.ActiveCfg = Debug|Any CPU
		{853E3B54-DB8A-4A82-8565-E6103130DA3C}.Debug|x64.Build.0 = Debug|Any CPU
		{853E3B54-DB8A-4A82-8565-E6103130DA3C}.Debug|x86.ActiveCfg = Debug|Any CPU
		{853E3B54-DB8A-4A82-8565-E6103130DA3C}.Debug|x86.Build.0 = Debug|Any CPU
		{853E3B54-DB8A-4A82-8565-E6103130DA3C}.Release|Any CPU.ActiveCfg = Release|Any CPU
		{853E3B54-DB8A-4A82-8565-E6103130DA3C}.Release|Any CPU.Build.0 = Release|Any CPU
		{853E3B54-DB8A-4A82-8565-E6103130DA3C}.Release|x64.ActiveCfg = Release|Any CPU
		{853E3B54-DB8A-4A82-8565-E6103130DA3C}.Release|x64.Build.0 = Release|Any CPU
		{853E3B54-DB8A-4A82-8565-E6103130DA3C}.Release|x86.ActiveCfg = Release|Any CPU
		{853E3B54-DB8A-4A82-8565-E6103130DA3C}.Release|x86.Build.0 = Release|Any CPU
		{B8DC7FD1-782F-4246-B096-836D82B29A03}.Debug|Any CPU.ActiveCfg = Debug|Any CPU
		{B8DC7FD1-782F-4246-B096-836D82B29A03}.Debug|Any CPU.Build.0 = Debug|Any CPU
		{B8DC7FD1-782F-4246-B096-836D82B29A03}.Debug|x64.ActiveCfg = Debug|Any CPU
		{B8DC7FD1-782F-4246-B096-836D82B29A03}.Debug|x64.Build.0 = Debug|Any CPU
		{B8DC7FD1-782F-4246-B096-836D82B29A03}.Debug|x86.ActiveCfg = Debug|Any CPU
		{B8DC7FD1-782F-4246-B096-836D82B29A03}.Debug|x86.Build.0 = Debug|Any CPU
		{B8DC7FD1-782F-4246-B096-836D82B29A03}.Release|Any CPU.ActiveCfg = Release|Any CPU
		{B8DC7FD1-782F-4246-B096-836D82B29A03}.Release|Any CPU.Build.0 = Release|Any CPU
		{B8DC7FD1-782F-4246-B096-836D82B29A03}.Release|x64.ActiveCfg = Release|Any CPU
		{B8DC7FD1-782F-4246-B096-836D82B29A03}.Release|x64.Build.0 = Release|Any CPU
		{B8DC7FD1-782F-4246-B096-836D82B29A03}.Release|x86.ActiveCfg = Release|Any CPU
		{B8DC7FD1-782F-4246-B096-836D82B29A03}.Release|x86.Build.0 = Release|Any CPU
		{8AE239F7-A0B1-459A-AF6F-FB1501544C2B}.Debug|Any CPU.ActiveCfg = Debug|Any CPU
		{8AE239F7-A0B1-459A-AF6F-FB1501544C2B}.Debug|Any CPU.Build.0 = Debug|Any CPU
		{8AE239F7-A0B1-459A-AF6F-FB1501544C2B}.Debug|x64.ActiveCfg = Debug|Any CPU
		{8AE239F7-A0B1-459A-AF6F-FB1501544C2B}.Debug|x64.Build.0 = Debug|Any CPU
		{8AE239F7-A0B1-459A-AF6F-FB1501544C2B}.Debug|x86.ActiveCfg = Debug|Any CPU
		{8AE239F7-A0B1-459A-AF6F-FB1501544C2B}.Debug|x86.Build.0 = Debug|Any CPU
		{8AE239F7-A0B1-459A-AF6F-FB1501544C2B}.Release|Any CPU.ActiveCfg = Release|Any CPU
		{8AE239F7-A0B1-459A-AF6F-FB1501544C2B}.Release|Any CPU.Build.0 = Release|Any CPU
		{8AE239F7-A0B1-459A-AF6F-FB1501544C2B}.Release|x64.ActiveCfg = Release|Any CPU
		{8AE239F7-A0B1-459A-AF6F-FB1501544C2B}.Release|x64.Build.0 = Release|Any CPU
		{8AE239F7-A0B1-459A-AF6F-FB1501544C2B}.Release|x86.ActiveCfg = Release|Any CPU
		{8AE239F7-A0B1-459A-AF6F-FB1501544C2B}.Release|x86.Build.0 = Release|Any CPU
		{FB7DB850-11DB-4F7B-9003-13C145442C73}.Debug|Any CPU.ActiveCfg = Debug|Any CPU
		{FB7DB850-11DB-4F7B-9003-13C145442C73}.Debug|Any CPU.Build.0 = Debug|Any CPU
		{FB7DB850-11DB-4F7B-9003-13C145442C73}.Debug|x64.ActiveCfg = Debug|Any CPU
		{FB7DB850-11DB-4F7B-9003-13C145442C73}.Debug|x64.Build.0 = Debug|Any CPU
		{FB7DB850-11DB-4F7B-9003-13C145442C73}.Debug|x86.ActiveCfg = Debug|Any CPU
		{FB7DB850-11DB-4F7B-9003-13C145442C73}.Debug|x86.Build.0 = Debug|Any CPU
		{FB7DB850-11DB-4F7B-9003-13C145442C73}.Release|Any CPU.ActiveCfg = Release|Any CPU
		{FB7DB850-11DB-4F7B-9003-13C145442C73}.Release|Any CPU.Build.0 = Release|Any CPU
		{FB7DB850-11DB-4F7B-9003-13C145442C73}.Release|x64.ActiveCfg = Release|Any CPU
		{FB7DB850-11DB-4F7B-9003-13C145442C73}.Release|x64.Build.0 = Release|Any CPU
		{FB7DB850-11DB-4F7B-9003-13C145442C73}.Release|x86.ActiveCfg = Release|Any CPU
		{FB7DB850-11DB-4F7B-9003-13C145442C73}.Release|x86.Build.0 = Release|Any CPU
		{23BEB12C-DE15-4B88-96F6-5DBDE2E9BA62}.Debug|Any CPU.ActiveCfg = Debug|Any CPU
		{23BEB12C-DE15-4B88-96F6-5DBDE2E9BA62}.Debug|Any CPU.Build.0 = Debug|Any CPU
		{23BEB12C-DE15-4B88-96F6-5DBDE2E9BA62}.Debug|x64.ActiveCfg = Debug|Any CPU
		{23BEB12C-DE15-4B88-96F6-5DBDE2E9BA62}.Debug|x64.Build.0 = Debug|Any CPU
		{23BEB12C-DE15-4B88-96F6-5DBDE2E9BA62}.Debug|x86.ActiveCfg = Debug|Any CPU
		{23BEB12C-DE15-4B88-96F6-5DBDE2E9BA62}.Debug|x86.Build.0 = Debug|Any CPU
		{23BEB12C-DE15-4B88-96F6-5DBDE2E9BA62}.Release|Any CPU.ActiveCfg = Release|Any CPU
		{23BEB12C-DE15-4B88-96F6-5DBDE2E9BA62}.Release|Any CPU.Build.0 = Release|Any CPU
		{23BEB12C-DE15-4B88-96F6-5DBDE2E9BA62}.Release|x64.ActiveCfg = Release|Any CPU
		{23BEB12C-DE15-4B88-96F6-5DBDE2E9BA62}.Release|x64.Build.0 = Release|Any CPU
		{23BEB12C-DE15-4B88-96F6-5DBDE2E9BA62}.Release|x86.ActiveCfg = Release|Any CPU
		{23BEB12C-DE15-4B88-96F6-5DBDE2E9BA62}.Release|x86.Build.0 = Release|Any CPU
		{DF2456D1-0CFF-4213-9E8F-D666DAEA2E54}.Debug|Any CPU.ActiveCfg = Debug|Any CPU
		{DF2456D1-0CFF-4213-9E8F-D666DAEA2E54}.Debug|Any CPU.Build.0 = Debug|Any CPU
		{DF2456D1-0CFF-4213-9E8F-D666DAEA2E54}.Debug|x64.ActiveCfg = Debug|Any CPU
		{DF2456D1-0CFF-4213-9E8F-D666DAEA2E54}.Debug|x64.Build.0 = Debug|Any CPU
		{DF2456D1-0CFF-4213-9E8F-D666DAEA2E54}.Debug|x86.ActiveCfg = Debug|Any CPU
		{DF2456D1-0CFF-4213-9E8F-D666DAEA2E54}.Debug|x86.Build.0 = Debug|Any CPU
		{DF2456D1-0CFF-4213-9E8F-D666DAEA2E54}.Release|Any CPU.ActiveCfg = Release|Any CPU
		{DF2456D1-0CFF-4213-9E8F-D666DAEA2E54}.Release|Any CPU.Build.0 = Release|Any CPU
		{DF2456D1-0CFF-4213-9E8F-D666DAEA2E54}.Release|x64.ActiveCfg = Release|Any CPU
		{DF2456D1-0CFF-4213-9E8F-D666DAEA2E54}.Release|x64.Build.0 = Release|Any CPU
		{DF2456D1-0CFF-4213-9E8F-D666DAEA2E54}.Release|x86.ActiveCfg = Release|Any CPU
		{DF2456D1-0CFF-4213-9E8F-D666DAEA2E54}.Release|x86.Build.0 = Release|Any CPU
		{1980F468-08B9-4159-B63D-4197EE6FC83B}.Debug|Any CPU.ActiveCfg = Debug|Any CPU
		{1980F468-08B9-4159-B63D-4197EE6FC83B}.Debug|Any CPU.Build.0 = Debug|Any CPU
		{1980F468-08B9-4159-B63D-4197EE6FC83B}.Debug|x64.ActiveCfg = Debug|Any CPU
		{1980F468-08B9-4159-B63D-4197EE6FC83B}.Debug|x64.Build.0 = Debug|Any CPU
		{1980F468-08B9-4159-B63D-4197EE6FC83B}.Debug|x86.ActiveCfg = Debug|Any CPU
		{1980F468-08B9-4159-B63D-4197EE6FC83B}.Debug|x86.Build.0 = Debug|Any CPU
		{1980F468-08B9-4159-B63D-4197EE6FC83B}.Release|Any CPU.ActiveCfg = Release|Any CPU
		{1980F468-08B9-4159-B63D-4197EE6FC83B}.Release|Any CPU.Build.0 = Release|Any CPU
		{1980F468-08B9-4159-B63D-4197EE6FC83B}.Release|x64.ActiveCfg = Release|Any CPU
		{1980F468-08B9-4159-B63D-4197EE6FC83B}.Release|x64.Build.0 = Release|Any CPU
		{1980F468-08B9-4159-B63D-4197EE6FC83B}.Release|x86.ActiveCfg = Release|Any CPU
		{1980F468-08B9-4159-B63D-4197EE6FC83B}.Release|x86.Build.0 = Release|Any CPU
		{957FCED2-6B1E-490E-97B4-2B123E565785}.Debug|Any CPU.ActiveCfg = Debug|Any CPU
		{957FCED2-6B1E-490E-97B4-2B123E565785}.Debug|Any CPU.Build.0 = Debug|Any CPU
		{957FCED2-6B1E-490E-97B4-2B123E565785}.Debug|x64.ActiveCfg = Debug|Any CPU
		{957FCED2-6B1E-490E-97B4-2B123E565785}.Debug|x64.Build.0 = Debug|Any CPU
		{957FCED2-6B1E-490E-97B4-2B123E565785}.Debug|x86.ActiveCfg = Debug|Any CPU
		{957FCED2-6B1E-490E-97B4-2B123E565785}.Debug|x86.Build.0 = Debug|Any CPU
		{957FCED2-6B1E-490E-97B4-2B123E565785}.Release|Any CPU.ActiveCfg = Release|Any CPU
		{957FCED2-6B1E-490E-97B4-2B123E565785}.Release|Any CPU.Build.0 = Release|Any CPU
		{957FCED2-6B1E-490E-97B4-2B123E565785}.Release|x64.ActiveCfg = Release|Any CPU
		{957FCED2-6B1E-490E-97B4-2B123E565785}.Release|x64.Build.0 = Release|Any CPU
		{957FCED2-6B1E-490E-97B4-2B123E565785}.Release|x86.ActiveCfg = Release|Any CPU
		{957FCED2-6B1E-490E-97B4-2B123E565785}.Release|x86.Build.0 = Release|Any CPU
		{C67F2919-4530-4EAF-B1A1-CCED621BCCFE}.Debug|Any CPU.ActiveCfg = Debug|Any CPU
		{C67F2919-4530-4EAF-B1A1-CCED621BCCFE}.Debug|Any CPU.Build.0 = Debug|Any CPU
		{C67F2919-4530-4EAF-B1A1-CCED621BCCFE}.Debug|x64.ActiveCfg = Debug|Any CPU
		{C67F2919-4530-4EAF-B1A1-CCED621BCCFE}.Debug|x64.Build.0 = Debug|Any CPU
		{C67F2919-4530-4EAF-B1A1-CCED621BCCFE}.Debug|x86.ActiveCfg = Debug|Any CPU
		{C67F2919-4530-4EAF-B1A1-CCED621BCCFE}.Debug|x86.Build.0 = Debug|Any CPU
		{C67F2919-4530-4EAF-B1A1-CCED621BCCFE}.Release|Any CPU.ActiveCfg = Release|Any CPU
		{C67F2919-4530-4EAF-B1A1-CCED621BCCFE}.Release|Any CPU.Build.0 = Release|Any CPU
		{C67F2919-4530-4EAF-B1A1-CCED621BCCFE}.Release|x64.ActiveCfg = Release|Any CPU
		{C67F2919-4530-4EAF-B1A1-CCED621BCCFE}.Release|x64.Build.0 = Release|Any CPU
		{C67F2919-4530-4EAF-B1A1-CCED621BCCFE}.Release|x86.ActiveCfg = Release|Any CPU
		{C67F2919-4530-4EAF-B1A1-CCED621BCCFE}.Release|x86.Build.0 = Release|Any CPU
		{8CE6E5B6-9BE6-4E8E-B17A-A9CA0148842E}.Debug|Any CPU.ActiveCfg = Debug|Any CPU
		{8CE6E5B6-9BE6-4E8E-B17A-A9CA0148842E}.Debug|Any CPU.Build.0 = Debug|Any CPU
		{8CE6E5B6-9BE6-4E8E-B17A-A9CA0148842E}.Debug|x64.ActiveCfg = Debug|Any CPU
		{8CE6E5B6-9BE6-4E8E-B17A-A9CA0148842E}.Debug|x64.Build.0 = Debug|Any CPU
		{8CE6E5B6-9BE6-4E8E-B17A-A9CA0148842E}.Debug|x86.ActiveCfg = Debug|Any CPU
		{8CE6E5B6-9BE6-4E8E-B17A-A9CA0148842E}.Debug|x86.Build.0 = Debug|Any CPU
		{8CE6E5B6-9BE6-4E8E-B17A-A9CA0148842E}.Release|Any CPU.ActiveCfg = Release|Any CPU
		{8CE6E5B6-9BE6-4E8E-B17A-A9CA0148842E}.Release|Any CPU.Build.0 = Release|Any CPU
		{8CE6E5B6-9BE6-4E8E-B17A-A9CA0148842E}.Release|x64.ActiveCfg = Release|Any CPU
		{8CE6E5B6-9BE6-4E8E-B17A-A9CA0148842E}.Release|x64.Build.0 = Release|Any CPU
		{8CE6E5B6-9BE6-4E8E-B17A-A9CA0148842E}.Release|x86.ActiveCfg = Release|Any CPU
		{8CE6E5B6-9BE6-4E8E-B17A-A9CA0148842E}.Release|x86.Build.0 = Release|Any CPU
		{035C2D5E-18DD-4CFC-98E2-0A8BF69A1511}.Debug|Any CPU.ActiveCfg = Debug|Any CPU
		{035C2D5E-18DD-4CFC-98E2-0A8BF69A1511}.Debug|Any CPU.Build.0 = Debug|Any CPU
		{035C2D5E-18DD-4CFC-98E2-0A8BF69A1511}.Debug|x64.ActiveCfg = Debug|Any CPU
		{035C2D5E-18DD-4CFC-98E2-0A8BF69A1511}.Debug|x64.Build.0 = Debug|Any CPU
		{035C2D5E-18DD-4CFC-98E2-0A8BF69A1511}.Debug|x86.ActiveCfg = Debug|Any CPU
		{035C2D5E-18DD-4CFC-98E2-0A8BF69A1511}.Debug|x86.Build.0 = Debug|Any CPU
		{035C2D5E-18DD-4CFC-98E2-0A8BF69A1511}.Release|Any CPU.ActiveCfg = Release|Any CPU
		{035C2D5E-18DD-4CFC-98E2-0A8BF69A1511}.Release|Any CPU.Build.0 = Release|Any CPU
		{035C2D5E-18DD-4CFC-98E2-0A8BF69A1511}.Release|x64.ActiveCfg = Release|Any CPU
		{035C2D5E-18DD-4CFC-98E2-0A8BF69A1511}.Release|x64.Build.0 = Release|Any CPU
		{035C2D5E-18DD-4CFC-98E2-0A8BF69A1511}.Release|x86.ActiveCfg = Release|Any CPU
		{035C2D5E-18DD-4CFC-98E2-0A8BF69A1511}.Release|x86.Build.0 = Release|Any CPU
		{2FAEDBBC-6F75-46AC-A281-F507412EDF6A}.Debug|Any CPU.ActiveCfg = Debug|Any CPU
		{2FAEDBBC-6F75-46AC-A281-F507412EDF6A}.Debug|Any CPU.Build.0 = Debug|Any CPU
		{2FAEDBBC-6F75-46AC-A281-F507412EDF6A}.Debug|x64.ActiveCfg = Debug|Any CPU
		{2FAEDBBC-6F75-46AC-A281-F507412EDF6A}.Debug|x64.Build.0 = Debug|Any CPU
		{2FAEDBBC-6F75-46AC-A281-F507412EDF6A}.Debug|x86.ActiveCfg = Debug|Any CPU
		{2FAEDBBC-6F75-46AC-A281-F507412EDF6A}.Debug|x86.Build.0 = Debug|Any CPU
		{2FAEDBBC-6F75-46AC-A281-F507412EDF6A}.Release|Any CPU.ActiveCfg = Release|Any CPU
		{2FAEDBBC-6F75-46AC-A281-F507412EDF6A}.Release|Any CPU.Build.0 = Release|Any CPU
		{2FAEDBBC-6F75-46AC-A281-F507412EDF6A}.Release|x64.ActiveCfg = Release|Any CPU
		{2FAEDBBC-6F75-46AC-A281-F507412EDF6A}.Release|x64.Build.0 = Release|Any CPU
		{2FAEDBBC-6F75-46AC-A281-F507412EDF6A}.Release|x86.ActiveCfg = Release|Any CPU
		{2FAEDBBC-6F75-46AC-A281-F507412EDF6A}.Release|x86.Build.0 = Release|Any CPU
		{F00538BE-2AF8-4388-BF7C-59934838B7BD}.Debug|Any CPU.ActiveCfg = Debug|Any CPU
		{F00538BE-2AF8-4388-BF7C-59934838B7BD}.Debug|Any CPU.Build.0 = Debug|Any CPU
		{F00538BE-2AF8-4388-BF7C-59934838B7BD}.Debug|x64.ActiveCfg = Debug|Any CPU
		{F00538BE-2AF8-4388-BF7C-59934838B7BD}.Debug|x64.Build.0 = Debug|Any CPU
		{F00538BE-2AF8-4388-BF7C-59934838B7BD}.Debug|x86.ActiveCfg = Debug|Any CPU
		{F00538BE-2AF8-4388-BF7C-59934838B7BD}.Debug|x86.Build.0 = Debug|Any CPU
		{F00538BE-2AF8-4388-BF7C-59934838B7BD}.Release|Any CPU.ActiveCfg = Release|Any CPU
		{F00538BE-2AF8-4388-BF7C-59934838B7BD}.Release|Any CPU.Build.0 = Release|Any CPU
		{F00538BE-2AF8-4388-BF7C-59934838B7BD}.Release|x64.ActiveCfg = Release|Any CPU
		{F00538BE-2AF8-4388-BF7C-59934838B7BD}.Release|x64.Build.0 = Release|Any CPU
		{F00538BE-2AF8-4388-BF7C-59934838B7BD}.Release|x86.ActiveCfg = Release|Any CPU
		{F00538BE-2AF8-4388-BF7C-59934838B7BD}.Release|x86.Build.0 = Release|Any CPU
		{06A50D0C-EAF4-4599-83A9-B23C0756ADF5}.Debug|Any CPU.ActiveCfg = Debug|Any CPU
		{06A50D0C-EAF4-4599-83A9-B23C0756ADF5}.Debug|Any CPU.Build.0 = Debug|Any CPU
		{06A50D0C-EAF4-4599-83A9-B23C0756ADF5}.Debug|x64.ActiveCfg = Debug|Any CPU
		{06A50D0C-EAF4-4599-83A9-B23C0756ADF5}.Debug|x64.Build.0 = Debug|Any CPU
		{06A50D0C-EAF4-4599-83A9-B23C0756ADF5}.Debug|x86.ActiveCfg = Debug|Any CPU
		{06A50D0C-EAF4-4599-83A9-B23C0756ADF5}.Debug|x86.Build.0 = Debug|Any CPU
		{06A50D0C-EAF4-4599-83A9-B23C0756ADF5}.Release|Any CPU.ActiveCfg = Release|Any CPU
		{06A50D0C-EAF4-4599-83A9-B23C0756ADF5}.Release|Any CPU.Build.0 = Release|Any CPU
		{06A50D0C-EAF4-4599-83A9-B23C0756ADF5}.Release|x64.ActiveCfg = Release|Any CPU
		{06A50D0C-EAF4-4599-83A9-B23C0756ADF5}.Release|x64.Build.0 = Release|Any CPU
		{06A50D0C-EAF4-4599-83A9-B23C0756ADF5}.Release|x86.ActiveCfg = Release|Any CPU
		{06A50D0C-EAF4-4599-83A9-B23C0756ADF5}.Release|x86.Build.0 = Release|Any CPU
		{86DEDD76-E85D-44C9-BDF6-7D3299F0AED7}.Debug|Any CPU.ActiveCfg = Debug|Any CPU
		{86DEDD76-E85D-44C9-BDF6-7D3299F0AED7}.Debug|Any CPU.Build.0 = Debug|Any CPU
		{86DEDD76-E85D-44C9-BDF6-7D3299F0AED7}.Debug|x64.ActiveCfg = Debug|Any CPU
		{86DEDD76-E85D-44C9-BDF6-7D3299F0AED7}.Debug|x64.Build.0 = Debug|Any CPU
		{86DEDD76-E85D-44C9-BDF6-7D3299F0AED7}.Debug|x86.ActiveCfg = Debug|Any CPU
		{86DEDD76-E85D-44C9-BDF6-7D3299F0AED7}.Debug|x86.Build.0 = Debug|Any CPU
		{86DEDD76-E85D-44C9-BDF6-7D3299F0AED7}.Release|Any CPU.ActiveCfg = Release|Any CPU
		{86DEDD76-E85D-44C9-BDF6-7D3299F0AED7}.Release|Any CPU.Build.0 = Release|Any CPU
		{86DEDD76-E85D-44C9-BDF6-7D3299F0AED7}.Release|x64.ActiveCfg = Release|Any CPU
		{86DEDD76-E85D-44C9-BDF6-7D3299F0AED7}.Release|x64.Build.0 = Release|Any CPU
		{86DEDD76-E85D-44C9-BDF6-7D3299F0AED7}.Release|x86.ActiveCfg = Release|Any CPU
		{86DEDD76-E85D-44C9-BDF6-7D3299F0AED7}.Release|x86.Build.0 = Release|Any CPU
		{994DA72D-7712-4AF4-A1FC-6E53CFD9ACD9}.Debug|Any CPU.ActiveCfg = Debug|Any CPU
		{994DA72D-7712-4AF4-A1FC-6E53CFD9ACD9}.Debug|Any CPU.Build.0 = Debug|Any CPU
		{994DA72D-7712-4AF4-A1FC-6E53CFD9ACD9}.Debug|x64.ActiveCfg = Debug|Any CPU
		{994DA72D-7712-4AF4-A1FC-6E53CFD9ACD9}.Debug|x64.Build.0 = Debug|Any CPU
		{994DA72D-7712-4AF4-A1FC-6E53CFD9ACD9}.Debug|x86.ActiveCfg = Debug|Any CPU
		{994DA72D-7712-4AF4-A1FC-6E53CFD9ACD9}.Debug|x86.Build.0 = Debug|Any CPU
		{994DA72D-7712-4AF4-A1FC-6E53CFD9ACD9}.Release|Any CPU.ActiveCfg = Release|Any CPU
		{994DA72D-7712-4AF4-A1FC-6E53CFD9ACD9}.Release|Any CPU.Build.0 = Release|Any CPU
		{994DA72D-7712-4AF4-A1FC-6E53CFD9ACD9}.Release|x64.ActiveCfg = Release|Any CPU
		{994DA72D-7712-4AF4-A1FC-6E53CFD9ACD9}.Release|x64.Build.0 = Release|Any CPU
		{994DA72D-7712-4AF4-A1FC-6E53CFD9ACD9}.Release|x86.ActiveCfg = Release|Any CPU
		{994DA72D-7712-4AF4-A1FC-6E53CFD9ACD9}.Release|x86.Build.0 = Release|Any CPU
		{8F625A63-FFCD-4F8F-8C5C-97252728AA8B}.Debug|Any CPU.ActiveCfg = Debug|Any CPU
		{8F625A63-FFCD-4F8F-8C5C-97252728AA8B}.Debug|Any CPU.Build.0 = Debug|Any CPU
		{8F625A63-FFCD-4F8F-8C5C-97252728AA8B}.Debug|x64.ActiveCfg = Debug|Any CPU
		{8F625A63-FFCD-4F8F-8C5C-97252728AA8B}.Debug|x64.Build.0 = Debug|Any CPU
		{8F625A63-FFCD-4F8F-8C5C-97252728AA8B}.Debug|x86.ActiveCfg = Debug|Any CPU
		{8F625A63-FFCD-4F8F-8C5C-97252728AA8B}.Debug|x86.Build.0 = Debug|Any CPU
		{8F625A63-FFCD-4F8F-8C5C-97252728AA8B}.Release|Any CPU.ActiveCfg = Release|Any CPU
		{8F625A63-FFCD-4F8F-8C5C-97252728AA8B}.Release|Any CPU.Build.0 = Release|Any CPU
		{8F625A63-FFCD-4F8F-8C5C-97252728AA8B}.Release|x64.ActiveCfg = Release|Any CPU
		{8F625A63-FFCD-4F8F-8C5C-97252728AA8B}.Release|x64.Build.0 = Release|Any CPU
		{8F625A63-FFCD-4F8F-8C5C-97252728AA8B}.Release|x86.ActiveCfg = Release|Any CPU
		{8F625A63-FFCD-4F8F-8C5C-97252728AA8B}.Release|x86.Build.0 = Release|Any CPU
		{BC735304-7981-4854-A9EE-00FD55943BF4}.Debug|Any CPU.ActiveCfg = Debug|Any CPU
		{BC735304-7981-4854-A9EE-00FD55943BF4}.Debug|Any CPU.Build.0 = Debug|Any CPU
		{BC735304-7981-4854-A9EE-00FD55943BF4}.Debug|x64.ActiveCfg = Debug|Any CPU
		{BC735304-7981-4854-A9EE-00FD55943BF4}.Debug|x64.Build.0 = Debug|Any CPU
		{BC735304-7981-4854-A9EE-00FD55943BF4}.Debug|x86.ActiveCfg = Debug|Any CPU
		{BC735304-7981-4854-A9EE-00FD55943BF4}.Debug|x86.Build.0 = Debug|Any CPU
		{BC735304-7981-4854-A9EE-00FD55943BF4}.Release|Any CPU.ActiveCfg = Release|Any CPU
		{BC735304-7981-4854-A9EE-00FD55943BF4}.Release|Any CPU.Build.0 = Release|Any CPU
		{BC735304-7981-4854-A9EE-00FD55943BF4}.Release|x64.ActiveCfg = Release|Any CPU
		{BC735304-7981-4854-A9EE-00FD55943BF4}.Release|x64.Build.0 = Release|Any CPU
		{BC735304-7981-4854-A9EE-00FD55943BF4}.Release|x86.ActiveCfg = Release|Any CPU
		{BC735304-7981-4854-A9EE-00FD55943BF4}.Release|x86.Build.0 = Release|Any CPU
		{EF4C2EAF-8CF8-4E43-BBAA-9A2017C43B80}.Debug|Any CPU.ActiveCfg = Debug|Any CPU
		{EF4C2EAF-8CF8-4E43-BBAA-9A2017C43B80}.Debug|Any CPU.Build.0 = Debug|Any CPU
		{EF4C2EAF-8CF8-4E43-BBAA-9A2017C43B80}.Debug|x64.ActiveCfg = Debug|Any CPU
		{EF4C2EAF-8CF8-4E43-BBAA-9A2017C43B80}.Debug|x64.Build.0 = Debug|Any CPU
		{EF4C2EAF-8CF8-4E43-BBAA-9A2017C43B80}.Debug|x86.ActiveCfg = Debug|Any CPU
		{EF4C2EAF-8CF8-4E43-BBAA-9A2017C43B80}.Debug|x86.Build.0 = Debug|Any CPU
		{EF4C2EAF-8CF8-4E43-BBAA-9A2017C43B80}.Release|Any CPU.ActiveCfg = Release|Any CPU
		{EF4C2EAF-8CF8-4E43-BBAA-9A2017C43B80}.Release|Any CPU.Build.0 = Release|Any CPU
		{EF4C2EAF-8CF8-4E43-BBAA-9A2017C43B80}.Release|x64.ActiveCfg = Release|Any CPU
		{EF4C2EAF-8CF8-4E43-BBAA-9A2017C43B80}.Release|x64.Build.0 = Release|Any CPU
		{EF4C2EAF-8CF8-4E43-BBAA-9A2017C43B80}.Release|x86.ActiveCfg = Release|Any CPU
		{EF4C2EAF-8CF8-4E43-BBAA-9A2017C43B80}.Release|x86.Build.0 = Release|Any CPU
		{E6717F55-79BC-494A-84B1-215491824F20}.Debug|Any CPU.ActiveCfg = Debug|Any CPU
		{E6717F55-79BC-494A-84B1-215491824F20}.Debug|Any CPU.Build.0 = Debug|Any CPU
		{E6717F55-79BC-494A-84B1-215491824F20}.Debug|x64.ActiveCfg = Debug|Any CPU
		{E6717F55-79BC-494A-84B1-215491824F20}.Debug|x64.Build.0 = Debug|Any CPU
		{E6717F55-79BC-494A-84B1-215491824F20}.Debug|x86.ActiveCfg = Debug|Any CPU
		{E6717F55-79BC-494A-84B1-215491824F20}.Debug|x86.Build.0 = Debug|Any CPU
		{E6717F55-79BC-494A-84B1-215491824F20}.Release|Any CPU.ActiveCfg = Release|Any CPU
		{E6717F55-79BC-494A-84B1-215491824F20}.Release|Any CPU.Build.0 = Release|Any CPU
		{E6717F55-79BC-494A-84B1-215491824F20}.Release|x64.ActiveCfg = Release|Any CPU
		{E6717F55-79BC-494A-84B1-215491824F20}.Release|x64.Build.0 = Release|Any CPU
		{E6717F55-79BC-494A-84B1-215491824F20}.Release|x86.ActiveCfg = Release|Any CPU
		{E6717F55-79BC-494A-84B1-215491824F20}.Release|x86.Build.0 = Release|Any CPU
		{7CA07B2A-F612-47F0-8F4F-E7771BF9DED1}.Debug|Any CPU.ActiveCfg = Debug|Any CPU
		{7CA07B2A-F612-47F0-8F4F-E7771BF9DED1}.Debug|Any CPU.Build.0 = Debug|Any CPU
		{7CA07B2A-F612-47F0-8F4F-E7771BF9DED1}.Debug|x64.ActiveCfg = Debug|Any CPU
		{7CA07B2A-F612-47F0-8F4F-E7771BF9DED1}.Debug|x64.Build.0 = Debug|Any CPU
		{7CA07B2A-F612-47F0-8F4F-E7771BF9DED1}.Debug|x86.ActiveCfg = Debug|Any CPU
		{7CA07B2A-F612-47F0-8F4F-E7771BF9DED1}.Debug|x86.Build.0 = Debug|Any CPU
		{7CA07B2A-F612-47F0-8F4F-E7771BF9DED1}.Release|Any CPU.ActiveCfg = Release|Any CPU
		{7CA07B2A-F612-47F0-8F4F-E7771BF9DED1}.Release|Any CPU.Build.0 = Release|Any CPU
		{7CA07B2A-F612-47F0-8F4F-E7771BF9DED1}.Release|x64.ActiveCfg = Release|Any CPU
		{7CA07B2A-F612-47F0-8F4F-E7771BF9DED1}.Release|x64.Build.0 = Release|Any CPU
		{7CA07B2A-F612-47F0-8F4F-E7771BF9DED1}.Release|x86.ActiveCfg = Release|Any CPU
		{7CA07B2A-F612-47F0-8F4F-E7771BF9DED1}.Release|x86.Build.0 = Release|Any CPU
		{FA121F56-04BB-46A1-B8C1-0C282295584B}.Debug|Any CPU.ActiveCfg = Debug|Any CPU
		{FA121F56-04BB-46A1-B8C1-0C282295584B}.Debug|Any CPU.Build.0 = Debug|Any CPU
		{FA121F56-04BB-46A1-B8C1-0C282295584B}.Debug|x64.ActiveCfg = Debug|Any CPU
		{FA121F56-04BB-46A1-B8C1-0C282295584B}.Debug|x64.Build.0 = Debug|Any CPU
		{FA121F56-04BB-46A1-B8C1-0C282295584B}.Debug|x86.ActiveCfg = Debug|Any CPU
		{FA121F56-04BB-46A1-B8C1-0C282295584B}.Debug|x86.Build.0 = Debug|Any CPU
		{FA121F56-04BB-46A1-B8C1-0C282295584B}.Release|Any CPU.ActiveCfg = Release|Any CPU
		{FA121F56-04BB-46A1-B8C1-0C282295584B}.Release|Any CPU.Build.0 = Release|Any CPU
		{FA121F56-04BB-46A1-B8C1-0C282295584B}.Release|x64.ActiveCfg = Release|Any CPU
		{FA121F56-04BB-46A1-B8C1-0C282295584B}.Release|x64.Build.0 = Release|Any CPU
		{FA121F56-04BB-46A1-B8C1-0C282295584B}.Release|x86.ActiveCfg = Release|Any CPU
		{FA121F56-04BB-46A1-B8C1-0C282295584B}.Release|x86.Build.0 = Release|Any CPU
		{3C0A98D5-DAFF-4FF1-9A59-F7409CB66754}.Debug|Any CPU.ActiveCfg = Debug|Any CPU
		{3C0A98D5-DAFF-4FF1-9A59-F7409CB66754}.Debug|Any CPU.Build.0 = Debug|Any CPU
		{3C0A98D5-DAFF-4FF1-9A59-F7409CB66754}.Debug|x64.ActiveCfg = Debug|Any CPU
		{3C0A98D5-DAFF-4FF1-9A59-F7409CB66754}.Debug|x64.Build.0 = Debug|Any CPU
		{3C0A98D5-DAFF-4FF1-9A59-F7409CB66754}.Debug|x86.ActiveCfg = Debug|Any CPU
		{3C0A98D5-DAFF-4FF1-9A59-F7409CB66754}.Debug|x86.Build.0 = Debug|Any CPU
		{3C0A98D5-DAFF-4FF1-9A59-F7409CB66754}.Release|Any CPU.ActiveCfg = Release|Any CPU
		{3C0A98D5-DAFF-4FF1-9A59-F7409CB66754}.Release|Any CPU.Build.0 = Release|Any CPU
		{3C0A98D5-DAFF-4FF1-9A59-F7409CB66754}.Release|x64.ActiveCfg = Release|Any CPU
		{3C0A98D5-DAFF-4FF1-9A59-F7409CB66754}.Release|x64.Build.0 = Release|Any CPU
		{3C0A98D5-DAFF-4FF1-9A59-F7409CB66754}.Release|x86.ActiveCfg = Release|Any CPU
		{3C0A98D5-DAFF-4FF1-9A59-F7409CB66754}.Release|x86.Build.0 = Release|Any CPU
		{46B6E125-FF47-4453-9172-5DF695687FDF}.Debug|Any CPU.ActiveCfg = Debug|Any CPU
		{46B6E125-FF47-4453-9172-5DF695687FDF}.Debug|Any CPU.Build.0 = Debug|Any CPU
		{46B6E125-FF47-4453-9172-5DF695687FDF}.Debug|x64.ActiveCfg = Debug|Any CPU
		{46B6E125-FF47-4453-9172-5DF695687FDF}.Debug|x64.Build.0 = Debug|Any CPU
		{46B6E125-FF47-4453-9172-5DF695687FDF}.Debug|x86.ActiveCfg = Debug|Any CPU
		{46B6E125-FF47-4453-9172-5DF695687FDF}.Debug|x86.Build.0 = Debug|Any CPU
		{46B6E125-FF47-4453-9172-5DF695687FDF}.Release|Any CPU.ActiveCfg = Release|Any CPU
		{46B6E125-FF47-4453-9172-5DF695687FDF}.Release|Any CPU.Build.0 = Release|Any CPU
		{46B6E125-FF47-4453-9172-5DF695687FDF}.Release|x64.ActiveCfg = Release|Any CPU
		{46B6E125-FF47-4453-9172-5DF695687FDF}.Release|x64.Build.0 = Release|Any CPU
		{46B6E125-FF47-4453-9172-5DF695687FDF}.Release|x86.ActiveCfg = Release|Any CPU
		{46B6E125-FF47-4453-9172-5DF695687FDF}.Release|x86.Build.0 = Release|Any CPU
		{07A39741-8656-488A-964C-D8387A1925DF}.Debug|Any CPU.ActiveCfg = Debug|Any CPU
		{07A39741-8656-488A-964C-D8387A1925DF}.Debug|Any CPU.Build.0 = Debug|Any CPU
		{07A39741-8656-488A-964C-D8387A1925DF}.Debug|x64.ActiveCfg = Debug|Any CPU
		{07A39741-8656-488A-964C-D8387A1925DF}.Debug|x64.Build.0 = Debug|Any CPU
		{07A39741-8656-488A-964C-D8387A1925DF}.Debug|x86.ActiveCfg = Debug|Any CPU
		{07A39741-8656-488A-964C-D8387A1925DF}.Debug|x86.Build.0 = Debug|Any CPU
		{07A39741-8656-488A-964C-D8387A1925DF}.Release|Any CPU.ActiveCfg = Release|Any CPU
		{07A39741-8656-488A-964C-D8387A1925DF}.Release|Any CPU.Build.0 = Release|Any CPU
		{07A39741-8656-488A-964C-D8387A1925DF}.Release|x64.ActiveCfg = Release|Any CPU
		{07A39741-8656-488A-964C-D8387A1925DF}.Release|x64.Build.0 = Release|Any CPU
		{07A39741-8656-488A-964C-D8387A1925DF}.Release|x86.ActiveCfg = Release|Any CPU
		{07A39741-8656-488A-964C-D8387A1925DF}.Release|x86.Build.0 = Release|Any CPU
		{76924193-4339-4BC8-8C0B-CA5F0A5047FB}.Debug|Any CPU.ActiveCfg = Debug|Any CPU
		{76924193-4339-4BC8-8C0B-CA5F0A5047FB}.Debug|Any CPU.Build.0 = Debug|Any CPU
		{76924193-4339-4BC8-8C0B-CA5F0A5047FB}.Debug|x64.ActiveCfg = Debug|Any CPU
		{76924193-4339-4BC8-8C0B-CA5F0A5047FB}.Debug|x64.Build.0 = Debug|Any CPU
		{76924193-4339-4BC8-8C0B-CA5F0A5047FB}.Debug|x86.ActiveCfg = Debug|Any CPU
		{76924193-4339-4BC8-8C0B-CA5F0A5047FB}.Debug|x86.Build.0 = Debug|Any CPU
		{76924193-4339-4BC8-8C0B-CA5F0A5047FB}.Release|Any CPU.ActiveCfg = Release|Any CPU
		{76924193-4339-4BC8-8C0B-CA5F0A5047FB}.Release|Any CPU.Build.0 = Release|Any CPU
		{76924193-4339-4BC8-8C0B-CA5F0A5047FB}.Release|x64.ActiveCfg = Release|Any CPU
		{76924193-4339-4BC8-8C0B-CA5F0A5047FB}.Release|x64.Build.0 = Release|Any CPU
		{76924193-4339-4BC8-8C0B-CA5F0A5047FB}.Release|x86.ActiveCfg = Release|Any CPU
		{76924193-4339-4BC8-8C0B-CA5F0A5047FB}.Release|x86.Build.0 = Release|Any CPU
	EndGlobalSection
	GlobalSection(SolutionProperties) = preSolution
		HideSolutionNode = FALSE
	EndGlobalSection
	GlobalSection(NestedProjects) = preSolution
		{C3CCD71A-37D0-4665-A628-AC6185313A4C} = {A1B2C3D4-E5F6-7890-ABCD-EF1234567890}
		{04A5E9A6-9EA9-4771-9766-1241F8341A9B} = {A1B2C3D4-E5F6-7890-ABCD-EF1234567890}
		{97B6CA29-9704-4A44-8879-E7015403E743} = {0C88DD14-F956-CE84-757C-A364CCF449FC}
		{EC9257F5-F59F-4F7C-B316-A153DCB9501C} = {A1B2C3D4-E5F6-7890-ABCD-EF1234567890}
		{4FBF6A86-DE1B-45E3-A1CE-B1271E927DF8} = {EC9257F5-F59F-4F7C-B316-A153DCB9501C}
		{898F86C5-1886-41BE-97DD-46A182261678} = {EC9257F5-F59F-4F7C-B316-A153DCB9501C}
		{88836B48-12C3-4CC7-A73E-0245970589CB} = {EC9257F5-F59F-4F7C-B316-A153DCB9501C}
		{297D901A-F3D0-4653-B4EB-CBD3D4402612} = {EC9257F5-F59F-4F7C-B316-A153DCB9501C}
		{82456D25-7753-4D1C-9ADC-450948B7FAC0} = {EC9257F5-F59F-4F7C-B316-A153DCB9501C}
		{E5408C31-60C9-4A60-89D9-840C8C9E5E2F} = {EC9257F5-F59F-4F7C-B316-A153DCB9501C}
		{79094B35-C3C6-4332-8A79-6E3D32582059} = {EC9257F5-F59F-4F7C-B316-A153DCB9501C}
		{7311835B-6CE8-470E-AFB4-B76424A86096} = {EC9257F5-F59F-4F7C-B316-A153DCB9501C}
		{04F673E8-6A3D-4A60-A829-1B851FDB5A4C} = {EC9257F5-F59F-4F7C-B316-A153DCB9501C}
		{1826ECD1-D177-4AEF-B821-8B65535CAA46} = {EC9257F5-F59F-4F7C-B316-A153DCB9501C}
		{C6D9607E-AB00-4E29-A8A9-8F378B2D755B} = {EC9257F5-F59F-4F7C-B316-A153DCB9501C}
		{19462AF9-35D7-43C8-AFA1-39E2FD1C7EBD} = {EC9257F5-F59F-4F7C-B316-A153DCB9501C}
		{745684DE-BABB-4BAA-BC36-DA3029E8C99F} = {EC9257F5-F59F-4F7C-B316-A153DCB9501C}
		{F58C0BE6-D91A-42F7-A221-4A882911E61C} = {EC9257F5-F59F-4F7C-B316-A153DCB9501C}
		{5F1D96A7-8252-4D60-AE6E-A66C045A8A92} = {EC9257F5-F59F-4F7C-B316-A153DCB9501C}
		{AEDD4AE8-A831-46EE-AF49-EAC3183D5971} = {EC9257F5-F59F-4F7C-B316-A153DCB9501C}
		{F2387E3F-8B78-4FAC-BDAA-A3E2EBC4D889} = {EC9257F5-F59F-4F7C-B316-A153DCB9501C}
		{D509243A-E5AA-430D-B47E-8ADC5DA31125} = {EC9257F5-F59F-4F7C-B316-A153DCB9501C}
		{7C8AA7A4-E72E-4A21-BC13-D7BA5A2219DC} = {EC9257F5-F59F-4F7C-B316-A153DCB9501C}
		{443B5C89-0904-4AE8-B48F-1E92709FBEF3} = {EC9257F5-F59F-4F7C-B316-A153DCB9501C}
		{48EA13C9-7FBC-4DCA-85CF-CCB1493A73C8} = {EC9257F5-F59F-4F7C-B316-A153DCB9501C}
		{EF1817C6-1FEB-4185-94F3-6BDB9ED1660A} = {EC9257F5-F59F-4F7C-B316-A153DCB9501C}
		{1EF56286-3151-4D13-B662-C23CBE7148FE} = {EC9257F5-F59F-4F7C-B316-A153DCB9501C}
		{5FF3DBB0-B465-46C5-ADB7-CE8998A6E7BA} = {EC9257F5-F59F-4F7C-B316-A153DCB9501C}
		{F743054C-0D7F-4352-9DBD-365C4CFA19C6} = {EC9257F5-F59F-4F7C-B316-A153DCB9501C}
		{509EA8AB-5717-4953-87FC-F3EDD041F200} = {EC9257F5-F59F-4F7C-B316-A153DCB9501C}
		{A9677606-014A-43A4-83D1-7871D1547862} = {EC9257F5-F59F-4F7C-B316-A153DCB9501C}
		{42B441C3-43AD-4D8F-96E0-547D7257FB04} = {EC9257F5-F59F-4F7C-B316-A153DCB9501C}
		{DD4CFE16-3F58-4AA0-A995-312AFC55F0B3} = {EC9257F5-F59F-4F7C-B316-A153DCB9501C}
		{CC31B699-7B15-4685-8E00-01E2DE6CA88B} = {EC9257F5-F59F-4F7C-B316-A153DCB9501C}
		{ED59B9E2-82EC-4984-9A27-E9DFF3B13B60} = {EC9257F5-F59F-4F7C-B316-A153DCB9501C}
		{6FC8F397-8F3D-4300-A8B3-6F76B68C959B} = {EC9257F5-F59F-4F7C-B316-A153DCB9501C}
		{7B9E64D1-70C9-4462-BE0B-A965A2825919} = {EC9257F5-F59F-4F7C-B316-A153DCB9501C}
		{82D6EBAF-B0B6-4744-A556-E5667DF823B7} = {EC9257F5-F59F-4F7C-B316-A153DCB9501C}
		{410366DF-4121-44DE-923D-218ACBA2F8CC} = {EC9257F5-F59F-4F7C-B316-A153DCB9501C}
		{A8E066A4-00E7-4209-BB1E-0BD9A2FBAC8E} = {EC9257F5-F59F-4F7C-B316-A153DCB9501C}
		{656422FD-47DA-4F06-AB76-57FF1F77B040} = {EC9257F5-F59F-4F7C-B316-A153DCB9501C}
		{502B8111-F428-4584-AE44-D1AD3B4F16B5} = {EC9257F5-F59F-4F7C-B316-A153DCB9501C}
		{174CF08D-E13D-4904-90C0-CC740C9DE086} = {EC9257F5-F59F-4F7C-B316-A153DCB9501C}
		{853E3B54-DB8A-4A82-8565-E6103130DA3C} = {EC9257F5-F59F-4F7C-B316-A153DCB9501C}
		{B8DC7FD1-782F-4246-B096-836D82B29A03} = {EC9257F5-F59F-4F7C-B316-A153DCB9501C}
		{8AE239F7-A0B1-459A-AF6F-FB1501544C2B} = {EC9257F5-F59F-4F7C-B316-A153DCB9501C}
		{FB7DB850-11DB-4F7B-9003-13C145442C73} = {EC9257F5-F59F-4F7C-B316-A153DCB9501C}
		{23BEB12C-DE15-4B88-96F6-5DBDE2E9BA62} = {EC9257F5-F59F-4F7C-B316-A153DCB9501C}
		{DF2456D1-0CFF-4213-9E8F-D666DAEA2E54} = {EC9257F5-F59F-4F7C-B316-A153DCB9501C}
		{1980F468-08B9-4159-B63D-4197EE6FC83B} = {EC9257F5-F59F-4F7C-B316-A153DCB9501C}
		{957FCED2-6B1E-490E-97B4-2B123E565785} = {EC9257F5-F59F-4F7C-B316-A153DCB9501C}
		{C67F2919-4530-4EAF-B1A1-CCED621BCCFE} = {EC9257F5-F59F-4F7C-B316-A153DCB9501C}
		{8CE6E5B6-9BE6-4E8E-B17A-A9CA0148842E} = {EC9257F5-F59F-4F7C-B316-A153DCB9501C}
		{035C2D5E-18DD-4CFC-98E2-0A8BF69A1511} = {EC9257F5-F59F-4F7C-B316-A153DCB9501C}
		{2FAEDBBC-6F75-46AC-A281-F507412EDF6A} = {EC9257F5-F59F-4F7C-B316-A153DCB9501C}
		{F00538BE-2AF8-4388-BF7C-59934838B7BD} = {EC9257F5-F59F-4F7C-B316-A153DCB9501C}
		{06A50D0C-EAF4-4599-83A9-B23C0756ADF5} = {EC9257F5-F59F-4F7C-B316-A153DCB9501C}
		{86DEDD76-E85D-44C9-BDF6-7D3299F0AED7} = {EC9257F5-F59F-4F7C-B316-A153DCB9501C}
		{994DA72D-7712-4AF4-A1FC-6E53CFD9ACD9} = {EC9257F5-F59F-4F7C-B316-A153DCB9501C}
		{8F625A63-FFCD-4F8F-8C5C-97252728AA8B} = {EC9257F5-F59F-4F7C-B316-A153DCB9501C}
		{BC735304-7981-4854-A9EE-00FD55943BF4} = {EC9257F5-F59F-4F7C-B316-A153DCB9501C}
		{EF4C2EAF-8CF8-4E43-BBAA-9A2017C43B80} = {EC9257F5-F59F-4F7C-B316-A153DCB9501C}
		{E6717F55-79BC-494A-84B1-215491824F20} = {EC9257F5-F59F-4F7C-B316-A153DCB9501C}
		{7CA07B2A-F612-47F0-8F4F-E7771BF9DED1} = {EC9257F5-F59F-4F7C-B316-A153DCB9501C}
		{FA121F56-04BB-46A1-B8C1-0C282295584B} = {EC9257F5-F59F-4F7C-B316-A153DCB9501C}
		{3C0A98D5-DAFF-4FF1-9A59-F7409CB66754} = {EC9257F5-F59F-4F7C-B316-A153DCB9501C}
		{46B6E125-FF47-4453-9172-5DF695687FDF} = {EC9257F5-F59F-4F7C-B316-A153DCB9501C}
		{07A39741-8656-488A-964C-D8387A1925DF} = {A1B2C3D4-E5F6-7890-ABCD-EF1234567890}
		{76924193-4339-4BC8-8C0B-CA5F0A5047FB} = {A1B2C3D4-E5F6-7890-ABCD-EF1234567890}
	EndGlobalSection
EndGlobal
